// !$*UTF8*$!
{
	archiveVersion = 1;
	classes = {
	};
	objectVersion = 52;
	objects = {

/* Begin PBXBuildFile section */
		0DE4B00619CC2DF52BDAF5DE /* libPods-connectreactive.a in Frameworks */ = {isa = PBXBuildFile; fileRef = 22DB59865C64DE8CAE6B23B2 /* libPods-connectreactive.a */; };
		13B07FBC1A68108700A75B9A /* AppDelegate.m in Sources */ = {isa = PBXBuildFile; fileRef = 13B07FB01A68108700A75B9A /* AppDelegate.m */; };
		13B07FBF1A68108700A75B9A /* Images.xcassets in Resources */ = {isa = PBXBuildFile; fileRef = 13B07FB51A68108700A75B9A /* Images.xcassets */; };
		13B07FC11A68108700A75B9A /* main.m in Sources */ = {isa = PBXBuildFile; fileRef = 13B07FB71A68108700A75B9A /* main.m */; };
		751030CD274FC61A005A8C41 /* UIView+Extension.swift in Sources */ = {isa = PBXBuildFile; fileRef = 751030CC274FC61A005A8C41 /* UIView+Extension.swift */; };
		7524B42127F49AC30095D624 /* FloatingReactionsView.swift in Sources */ = {isa = PBXBuildFile; fileRef = 7524B42027F49AC30095D624 /* FloatingReactionsView.swift */; };
		753DBAD127A3FB82008BB09F /* multiroom.jpg in Resources */ = {isa = PBXBuildFile; fileRef = 753DBAD027A3FB82008BB09F /* multiroom.jpg */; };
		7547CE4A271FFEF0006D8FFB /* artGallery.jpg in Resources */ = {isa = PBXBuildFile; fileRef = 7547CE49271FFEF0006D8FFB /* artGallery.jpg */; };
		754FDC3C272B5FF90011489B /* Device+Extension.swift in Sources */ = {isa = PBXBuildFile; fileRef = 754FDC3B272B5FF90011489B /* Device+Extension.swift */; };
		7569D81427BA939F00409A61 /* NotificationService.swift in Sources */ = {isa = PBXBuildFile; fileRef = 7569D81327BA939F00409A61 /* NotificationService.swift */; };
		7569D81827BA939F00409A61 /* ImageNotification.appex in Embed App Extensions */ = {isa = PBXBuildFile; fileRef = 7569D81127BA939F00409A61 /* ImageNotification.appex */; settings = {ATTRIBUTES = (RemoveHeadersOnCopy, ); }; };
		75D5403F2716F5470053EA25 /* ClickableView.swift in Sources */ = {isa = PBXBuildFile; fileRef = 75D5403E2716F5470053EA25 /* ClickableView.swift */; };
		75DB0C552769DCBB0061446B /* ViewportSender.swift in Sources */ = {isa = PBXBuildFile; fileRef = 75DB0C542769DCBB0061446B /* ViewportSender.swift */; };
		75E74A19279EDC5A00626B8A /* connectreactive.entitlements in Resources */ = {isa = PBXBuildFile; fileRef = 924F1E4925EB6FAD00FDF117 /* connectreactive.entitlements */; };
		763126DD26C6B4CF000E9A6F /* MarqueeLabel.swift in Sources */ = {isa = PBXBuildFile; fileRef = 763126DC26C6B4CF000E9A6F /* MarqueeLabel.swift */; };
		764BB14F270DF671003C4877 /* Common.xcframework in Frameworks */ = {isa = PBXBuildFile; fileRef = 764BB14E270DF671003C4877 /* Common.xcframework */; };
		764BB151270DF8A3003C4877 /* LinkPresentation.framework in Frameworks */ = {isa = PBXBuildFile; fileRef = 764BB150270DF8A3003C4877 /* LinkPresentation.framework */; settings = {ATTRIBUTES = (Weak, ); }; };
		7650BAAC26374D5A00B90B1F /* ListenerView.swift in Sources */ = {isa = PBXBuildFile; fileRef = 7650BAAB26374D5A00B90B1F /* ListenerView.swift */; };
		7650BAAE26374D8200B90B1F /* ListenerAvatarView.swift in Sources */ = {isa = PBXBuildFile; fileRef = 7650BAAD26374D8200B90B1F /* ListenerAvatarView.swift */; };
		7650BAB026374D9C00B90B1F /* ListenerCollectionCell.swift in Sources */ = {isa = PBXBuildFile; fileRef = 7650BAAF26374D9C00B90B1F /* ListenerCollectionCell.swift */; };
		7650D84125ED2F8800F1648F /* ZoomImageView.swift in Sources */ = {isa = PBXBuildFile; fileRef = 7650D84025ED2F8800F1648F /* ZoomImageView.swift */; };
		7650D84325ED2FB900F1648F /* SubscriberView.swift in Sources */ = {isa = PBXBuildFile; fileRef = 7650D84225ED2FB900F1648F /* SubscriberView.swift */; };
		7650D84525ED2FF800F1648F /* BaseParticipantView.swift in Sources */ = {isa = PBXBuildFile; fileRef = 7650D84425ED2FF800F1648F /* BaseParticipantView.swift */; };
		768EF5CC264A5D630022BF70 /* RoomBackgroundView.swift in Sources */ = {isa = PBXBuildFile; fileRef = 768EF5CB264A5D630022BF70 /* RoomBackgroundView.swift */; };
		768EF5CF264A63960022BF70 /* public.jpg in Resources */ = {isa = PBXBuildFile; fileRef = 768EF5CE264A63960022BF70 /* public.jpg */; };
		76A24EDE2645717800BE1C9F /* RoomBackgroundImageProvider.swift in Sources */ = {isa = PBXBuildFile; fileRef = 76A24EDD2645717800BE1C9F /* RoomBackgroundImageProvider.swift */; };
		76C98DE22639404F00B7531C /* RoomInfoView.swift in Sources */ = {isa = PBXBuildFile; fileRef = 76C98DE12639404F00B7531C /* RoomInfoView.swift */; };
		76D1D17326CFFA8B00278A90 /* largePublic.jpg in Resources */ = {isa = PBXBuildFile; fileRef = 76D1D17226CFFA8B00278A90 /* largePublic.jpg */; };
		76D1D17726CFFB3500278A90 /* smallNetworking.jpg in Resources */ = {isa = PBXBuildFile; fileRef = 76D1D17626CFFB3500278A90 /* smallNetworking.jpg */; };
		81AB9BB82411601600AC10FF /* LaunchScreen.storyboard in Resources */ = {isa = PBXBuildFile; fileRef = 81AB9BB72411601600AC10FF /* LaunchScreen.storyboard */; };
		92044D63262DB6BB008593C8 /* RadarView.swift in Sources */ = {isa = PBXBuildFile; fileRef = 92044D62262DB6BB008593C8 /* RadarView.swift */; };
		92044D67262DBA21008593C8 /* BaseMovableView.swift in Sources */ = {isa = PBXBuildFile; fileRef = 92044D66262DBA21008593C8 /* BaseMovableView.swift */; };
		921012C4264D024F0060DF1C /* UserTogglesView.swift in Sources */ = {isa = PBXBuildFile; fileRef = 921012C3264D024F0060DF1C /* UserTogglesView.swift */; };
		921012C6264D0AFB0060DF1C /* UserSpeakerMicrophoneIconsView.swift in Sources */ = {isa = PBXBuildFile; fileRef = 921012C5264D0AFB0060DF1C /* UserSpeakerMicrophoneIconsView.swift */; };
		921012C8264D13520060DF1C /* ToggleVideoAudioButtons.swift in Sources */ = {isa = PBXBuildFile; fileRef = 921012C7264D13520060DF1C /* ToggleVideoAudioButtons.swift */; };
		9212B07F266A014900BBB534 /* Logger.swift in Sources */ = {isa = PBXBuildFile; fileRef = 9212B07E266A014900BBB534 /* Logger.swift */; };
		92283232264EB79200B4B3F7 /* RasterIcon.swift in Sources */ = {isa = PBXBuildFile; fileRef = 92283231264EB79200B4B3F7 /* RasterIcon.swift */; };
		9234B57F260F40AB0083BEDB /* AppModule.swift in Sources */ = {isa = PBXBuildFile; fileRef = 9234B57E260F40AB0083BEDB /* AppModule.swift */; };
		9234B581260F40B10083BEDB /* RNCModules.m in Sources */ = {isa = PBXBuildFile; fileRef = 9234B580260F40B10083BEDB /* RNCModules.m */; };
		92438C6926398FF0004A296D /* ToJson.swift in Sources */ = {isa = PBXBuildFile; fileRef = 92438C6826398FEF004A296D /* ToJson.swift */; };
		9250DBF1261613C1001FD73C /* NewJitsiClient.swift in Sources */ = {isa = PBXBuildFile; fileRef = 9250DBF0261613C1001FD73C /* NewJitsiClient.swift */; };
		9250DC0526171271001FD73C /* TracksStore.swift in Sources */ = {isa = PBXBuildFile; fileRef = 9250DC0426171271001FD73C /* TracksStore.swift */; };
		92566B40269700230016FD30 /* CaptureScreenShot.swift in Sources */ = {isa = PBXBuildFile; fileRef = 92566B3F269700230016FD30 /* CaptureScreenShot.swift */; };
		9256E722263E66F000D67036 /* SpeakerVideoViewContainer.swift in Sources */ = {isa = PBXBuildFile; fileRef = 9256E721263E66F000D67036 /* SpeakerVideoViewContainer.swift */; };
		925EDD2A26551F930041B266 /* GoAsyncStorage.swift in Sources */ = {isa = PBXBuildFile; fileRef = 925EDD2926551F930041B266 /* GoAsyncStorage.swift */; };
		928BFDAF2622BE53001012AD /* SpeakerView.swift in Sources */ = {isa = PBXBuildFile; fileRef = 928BFDAE2622BE4E001012AD /* SpeakerView.swift */; };
		9297C286262096140016B504 /* RNMessageComposer.swift in Sources */ = {isa = PBXBuildFile; fileRef = 9297C285262096140016B504 /* RNMessageComposer.swift */; };
		92B375622641757000CC0573 /* ShareDesktopContainerView.swift in Sources */ = {isa = PBXBuildFile; fileRef = 92B375612641757000CC0573 /* ShareDesktopContainerView.swift */; };
		92B52327265CC7AD00C68159 /* UserReactionsView.swift in Sources */ = {isa = PBXBuildFile; fileRef = 92B52326265CC7AC00C68159 /* UserReactionsView.swift */; };
		92C8627B2621B865008A4DD4 /* TargetPathView.swift in Sources */ = {isa = PBXBuildFile; fileRef = 92C8627A2621B7B9008A4DD4 /* TargetPathView.swift */; };
		92C8627C2621B868008A4DD4 /* RNCViewManagers.m in Sources */ = {isa = PBXBuildFile; fileRef = 92C862792621B7B9008A4DD4 /* RNCViewManagers.m */; };
		92D865E8262D517F00CF033E /* NewJitsiIosSpecific.swift in Sources */ = {isa = PBXBuildFile; fileRef = 92D865E7262D517F00CF033E /* NewJitsiIosSpecific.swift */; };
		92D8F40625ED06E6008562AA /* GoogleService-Info.plist in Resources */ = {isa = PBXBuildFile; fileRef = 92D8F40525ED06DD008562AA /* GoogleService-Info.plist */; };
		92DE08AA263D2316007CEBC9 /* ListenersStore.swift in Sources */ = {isa = PBXBuildFile; fileRef = 92DE08A9263D2315007CEBC9 /* ListenersStore.swift */; };
		92DE08AC263D3121007CEBC9 /* DynamicJSON.swift in Sources */ = {isa = PBXBuildFile; fileRef = 92DE08AB263D3121007CEBC9 /* DynamicJSON.swift */; };
		92DE08AE263D345D007CEBC9 /* ParticipantUtils.swift in Sources */ = {isa = PBXBuildFile; fileRef = 92DE08AD263D345D007CEBC9 /* ParticipantUtils.swift */; };
		92E9D4452653788D00A8299C /* HttpClient.swift in Sources */ = {isa = PBXBuildFile; fileRef = 92E9D4442653788D00A8299C /* HttpClient.swift */; };
		92F9CCFA2689AA95003BEA23 /* networking.jpg in Resources */ = {isa = PBXBuildFile; fileRef = 92F9CCF82689AA95003BEA23 /* networking.jpg */; };
		92FEE04026218DD400119279 /* AppManager.swift in Sources */ = {isa = PBXBuildFile; fileRef = 92FEE03F26218DD400119279 /* AppManager.swift */; };
		AD26D98D25F0EE2600CFD19C /* WebRTC.xcframework in Frameworks */ = {isa = PBXBuildFile; fileRef = 7650D83525ED155200F1648F /* WebRTC.xcframework */; };
		AD26D98E25F0EE2600CFD19C /* WebRTC.xcframework in Embed Frameworks */ = {isa = PBXBuildFile; fileRef = 7650D83525ED155200F1648F /* WebRTC.xcframework */; settings = {ATTRIBUTES = (CodeSignOnCopy, RemoveHeadersOnCopy, ); }; };
		AD26D99025F0EE4D00CFD19C /* JitsiWebRTC.framework in Frameworks */ = {isa = PBXBuildFile; fileRef = 7650D83125ED154F00F1648F /* JitsiWebRTC.framework */; };
		AD26D99125F0EE4D00CFD19C /* JitsiWebRTC.framework in Embed Frameworks */ = {isa = PBXBuildFile; fileRef = 7650D83125ED154F00F1648F /* JitsiWebRTC.framework */; settings = {ATTRIBUTES = (CodeSignOnCopy, RemoveHeadersOnCopy, ); }; };
		AD26D99225F0F2D200CFD19C /* main.jsbundle in Resources */ = {isa = PBXBuildFile; fileRef = 008F07F21AC5B25A0029DE68 /* main.jsbundle */; };
		AD346FD52696FC3300DB94E7 /* FullscreenVideoController.swift in Sources */ = {isa = PBXBuildFile; fileRef = AD346FD42696FC3300DB94E7 /* FullscreenVideoController.swift */; };
		AD645D322632E91400307298 /* ListenersBottomSheetView.swift in Sources */ = {isa = PBXBuildFile; fileRef = AD645D312632E91400307298 /* ListenersBottomSheetView.swift */; };
		AD7E5F642683777400C63CF7 /* IntercomModule.swift in Sources */ = {isa = PBXBuildFile; fileRef = AD7E5F632683777400C63CF7 /* IntercomModule.swift */; };
		AD9E587D26679B1E00476342 /* MenuTextInput.swift in Sources */ = {isa = PBXBuildFile; fileRef = AD9E587C26679B1E00476342 /* MenuTextInput.swift */; };
		F570EFC3273D603A00F11CDB /* black.mp4 in Resources */ = {isa = PBXBuildFile; fileRef = F570EFC2273D603A00F11CDB /* black.mp4 */; };
		F8AAC98A1EAAF1C9547A91D8 /* libPods-ImageNotification.a in Frameworks */ = {isa = PBXBuildFile; fileRef = 2FAACC2AF46BE2751D97B8DA /* libPods-ImageNotification.a */; };
/* End PBXBuildFile section */

/* Begin PBXContainerItemProxy section */
		7569D81627BA939F00409A61 /* PBXContainerItemProxy */ = {
			isa = PBXContainerItemProxy;
			containerPortal = 83CBB9F71A601CBA00E9B192 /* Project object */;
			proxyType = 1;
			remoteGlobalIDString = 7569D81027BA939F00409A61;
			remoteInfo = ImageNotification;
		};
		9212B064266A00D500BBB534 /* PBXContainerItemProxy */ = {
			isa = PBXContainerItemProxy;
			containerPortal = 83CBB9F71A601CBA00E9B192 /* Project object */;
			proxyType = 1;
			remoteGlobalIDString = 13B07F861A680F5B00A75B9A;
			remoteInfo = connectreactive;
		};
/* End PBXContainerItemProxy section */

/* Begin PBXCopyFilesBuildPhase section */
		7569D81927BA939F00409A61 /* Embed App Extensions */ = {
			isa = PBXCopyFilesBuildPhase;
			buildActionMask = 2147483647;
			dstPath = "";
			dstSubfolderSpec = 13;
			files = (
				7569D81827BA939F00409A61 /* ImageNotification.appex in Embed App Extensions */,
			);
			name = "Embed App Extensions";
			runOnlyForDeploymentPostprocessing = 0;
		};
		AD26D98F25F0EE2600CFD19C /* Embed Frameworks */ = {
			isa = PBXCopyFilesBuildPhase;
			buildActionMask = 2147483647;
			dstPath = "";
			dstSubfolderSpec = 10;
			files = (
				AD26D98E25F0EE2600CFD19C /* WebRTC.xcframework in Embed Frameworks */,
				AD26D99125F0EE4D00CFD19C /* JitsiWebRTC.framework in Embed Frameworks */,
			);
			name = "Embed Frameworks";
			runOnlyForDeploymentPostprocessing = 0;
		};
/* End PBXCopyFilesBuildPhase section */

/* Begin PBXFileReference section */
		008F07F21AC5B25A0029DE68 /* main.jsbundle */ = {isa = PBXFileReference; fileEncoding = 4; lastKnownFileType = text; path = main.jsbundle; sourceTree = "<group>"; };
		13B07F961A680F5B00A75B9A /* connectreactive.app */ = {isa = PBXFileReference; explicitFileType = wrapper.application; includeInIndex = 0; path = connectreactive.app; sourceTree = BUILT_PRODUCTS_DIR; };
		13B07FAF1A68108700A75B9A /* AppDelegate.h */ = {isa = PBXFileReference; fileEncoding = 4; lastKnownFileType = sourcecode.c.h; name = AppDelegate.h; path = connectreactive/AppDelegate.h; sourceTree = "<group>"; };
		13B07FB01A68108700A75B9A /* AppDelegate.m */ = {isa = PBXFileReference; fileEncoding = 4; lastKnownFileType = sourcecode.c.objc; name = AppDelegate.m; path = connectreactive/AppDelegate.m; sourceTree = "<group>"; };
		13B07FB51A68108700A75B9A /* Images.xcassets */ = {isa = PBXFileReference; lastKnownFileType = folder.assetcatalog; name = Images.xcassets; path = connectreactive/Images.xcassets; sourceTree = "<group>"; };
		13B07FB61A68108700A75B9A /* Info.plist */ = {isa = PBXFileReference; fileEncoding = 4; lastKnownFileType = text.plist.xml; name = Info.plist; path = connectreactive/Info.plist; sourceTree = "<group>"; };
		13B07FB71A68108700A75B9A /* main.m */ = {isa = PBXFileReference; fileEncoding = 4; lastKnownFileType = sourcecode.c.objc; name = main.m; path = connectreactive/main.m; sourceTree = "<group>"; };
		22DB59865C64DE8CAE6B23B2 /* libPods-connectreactive.a */ = {isa = PBXFileReference; explicitFileType = archive.ar; includeInIndex = 0; path = "libPods-connectreactive.a"; sourceTree = BUILT_PRODUCTS_DIR; };
		2FAACC2AF46BE2751D97B8DA /* libPods-ImageNotification.a */ = {isa = PBXFileReference; explicitFileType = archive.ar; includeInIndex = 0; path = "libPods-ImageNotification.a"; sourceTree = BUILT_PRODUCTS_DIR; };
		751030CC274FC61A005A8C41 /* UIView+Extension.swift */ = {isa = PBXFileReference; lastKnownFileType = sourcecode.swift; path = "UIView+Extension.swift"; sourceTree = "<group>"; };
		75172ACB27DFBD6F00771284 /* Twitter.framework */ = {isa = PBXFileReference; lastKnownFileType = wrapper.framework; name = Twitter.framework; path = System/Library/Frameworks/Twitter.framework; sourceTree = SDKROOT; };
		7524B42027F49AC30095D624 /* FloatingReactionsView.swift */ = {isa = PBXFileReference; lastKnownFileType = sourcecode.swift; path = FloatingReactionsView.swift; sourceTree = "<group>"; };
		753DBAD027A3FB82008BB09F /* multiroom.jpg */ = {isa = PBXFileReference; lastKnownFileType = image.jpeg; path = multiroom.jpg; sourceTree = "<group>"; };
		7547CE49271FFEF0006D8FFB /* artGallery.jpg */ = {isa = PBXFileReference; lastKnownFileType = image.jpeg; path = artGallery.jpg; sourceTree = "<group>"; };
		754FDC3B272B5FF90011489B /* Device+Extension.swift */ = {isa = PBXFileReference; lastKnownFileType = sourcecode.swift; path = "Device+Extension.swift"; sourceTree = "<group>"; };
		7569D81127BA939F00409A61 /* ImageNotification.appex */ = {isa = PBXFileReference; explicitFileType = "wrapper.app-extension"; includeInIndex = 0; path = ImageNotification.appex; sourceTree = BUILT_PRODUCTS_DIR; };
		7569D81327BA939F00409A61 /* NotificationService.swift */ = {isa = PBXFileReference; lastKnownFileType = sourcecode.swift; path = NotificationService.swift; sourceTree = "<group>"; };
		7569D81527BA939F00409A61 /* Info.plist */ = {isa = PBXFileReference; lastKnownFileType = text.plist.xml; path = Info.plist; sourceTree = "<group>"; };
		75D5403E2716F5470053EA25 /* ClickableView.swift */ = {isa = PBXFileReference; lastKnownFileType = sourcecode.swift; path = ClickableView.swift; sourceTree = "<group>"; };
		75DB0C542769DCBB0061446B /* ViewportSender.swift */ = {isa = PBXFileReference; lastKnownFileType = sourcecode.swift; path = ViewportSender.swift; sourceTree = "<group>"; };
		763126DC26C6B4CF000E9A6F /* MarqueeLabel.swift */ = {isa = PBXFileReference; lastKnownFileType = sourcecode.swift; path = MarqueeLabel.swift; sourceTree = "<group>"; };
		764BB14E270DF671003C4877 /* Common.xcframework */ = {isa = PBXFileReference; lastKnownFileType = wrapper.xcframework; path = Common.xcframework; sourceTree = "<group>"; };
		764BB150270DF8A3003C4877 /* LinkPresentation.framework */ = {isa = PBXFileReference; lastKnownFileType = wrapper.framework; name = LinkPresentation.framework; path = System/Library/Frameworks/LinkPresentation.framework; sourceTree = SDKROOT; };
		7650BAAB26374D5A00B90B1F /* ListenerView.swift */ = {isa = PBXFileReference; lastKnownFileType = sourcecode.swift; path = ListenerView.swift; sourceTree = "<group>"; };
		7650BAAD26374D8200B90B1F /* ListenerAvatarView.swift */ = {isa = PBXFileReference; lastKnownFileType = sourcecode.swift; path = ListenerAvatarView.swift; sourceTree = "<group>"; };
		7650BAAF26374D9C00B90B1F /* ListenerCollectionCell.swift */ = {isa = PBXFileReference; lastKnownFileType = sourcecode.swift; path = ListenerCollectionCell.swift; sourceTree = "<group>"; };
		7650D82325ED145500F1648F /* WebRTC.xcframework */ = {isa = PBXFileReference; lastKnownFileType = wrapper.xcframework; name = WebRTC.xcframework; path = "../JitsiWebRTC/jitsi-webrtc/WebRTC/WebRTC.xcframework"; sourceTree = "<group>"; };
		7650D82C25ED147700F1648F /* JitsiWebRTC.framework */ = {isa = PBXFileReference; explicitFileType = wrapper.framework; path = JitsiWebRTC.framework; sourceTree = BUILT_PRODUCTS_DIR; };
		7650D83125ED154F00F1648F /* JitsiWebRTC.framework */ = {isa = PBXFileReference; explicitFileType = wrapper.framework; path = JitsiWebRTC.framework; sourceTree = BUILT_PRODUCTS_DIR; };
		7650D83525ED155200F1648F /* WebRTC.xcframework */ = {isa = PBXFileReference; lastKnownFileType = wrapper.xcframework; name = WebRTC.xcframework; path = "JitsiWebRTC/jitsi-webrtc/WebRTC/WebRTC.xcframework"; sourceTree = "<group>"; };
		7650D84025ED2F8800F1648F /* ZoomImageView.swift */ = {isa = PBXFileReference; lastKnownFileType = sourcecode.swift; path = ZoomImageView.swift; sourceTree = "<group>"; };
		7650D84225ED2FB900F1648F /* SubscriberView.swift */ = {isa = PBXFileReference; indentWidth = 4; lastKnownFileType = sourcecode.swift; path = SubscriberView.swift; sourceTree = "<group>"; tabWidth = 4; };
		7650D84425ED2FF800F1648F /* BaseParticipantView.swift */ = {isa = PBXFileReference; indentWidth = 4; lastKnownFileType = sourcecode.swift; path = BaseParticipantView.swift; sourceTree = "<group>"; tabWidth = 4; };
		768EF5CB264A5D630022BF70 /* RoomBackgroundView.swift */ = {isa = PBXFileReference; lastKnownFileType = sourcecode.swift; path = RoomBackgroundView.swift; sourceTree = "<group>"; };
		768EF5CE264A63960022BF70 /* public.jpg */ = {isa = PBXFileReference; lastKnownFileType = image.jpeg; path = public.jpg; sourceTree = "<group>"; };
		76A24EDD2645717800BE1C9F /* RoomBackgroundImageProvider.swift */ = {isa = PBXFileReference; lastKnownFileType = sourcecode.swift; path = RoomBackgroundImageProvider.swift; sourceTree = "<group>"; };
		76C98DE12639404F00B7531C /* RoomInfoView.swift */ = {isa = PBXFileReference; lastKnownFileType = sourcecode.swift; path = RoomInfoView.swift; sourceTree = "<group>"; };
		76D1D17226CFFA8B00278A90 /* largePublic.jpg */ = {isa = PBXFileReference; lastKnownFileType = image.jpeg; path = largePublic.jpg; sourceTree = "<group>"; };
		76D1D17626CFFB3500278A90 /* smallNetworking.jpg */ = {isa = PBXFileReference; lastKnownFileType = image.jpeg; path = smallNetworking.jpg; sourceTree = "<group>"; };
		7A04A5E487707C8E470B99AF /* Pods-ImageNotification.debug.xcconfig */ = {isa = PBXFileReference; includeInIndex = 1; lastKnownFileType = text.xcconfig; name = "Pods-ImageNotification.debug.xcconfig"; path = "Target Support Files/Pods-ImageNotification/Pods-ImageNotification.debug.xcconfig"; sourceTree = "<group>"; };
		81AB9BB72411601600AC10FF /* LaunchScreen.storyboard */ = {isa = PBXFileReference; fileEncoding = 4; lastKnownFileType = file.storyboard; name = LaunchScreen.storyboard; path = connectreactive/LaunchScreen.storyboard; sourceTree = "<group>"; };
		92044D62262DB6BB008593C8 /* RadarView.swift */ = {isa = PBXFileReference; lastKnownFileType = sourcecode.swift; path = RadarView.swift; sourceTree = "<group>"; };
		92044D66262DBA21008593C8 /* BaseMovableView.swift */ = {isa = PBXFileReference; lastKnownFileType = sourcecode.swift; path = BaseMovableView.swift; sourceTree = "<group>"; };
		921012C3264D024F0060DF1C /* UserTogglesView.swift */ = {isa = PBXFileReference; lastKnownFileType = sourcecode.swift; path = UserTogglesView.swift; sourceTree = "<group>"; };
		921012C5264D0AFB0060DF1C /* UserSpeakerMicrophoneIconsView.swift */ = {isa = PBXFileReference; lastKnownFileType = sourcecode.swift; path = UserSpeakerMicrophoneIconsView.swift; sourceTree = "<group>"; };
		921012C7264D13520060DF1C /* ToggleVideoAudioButtons.swift */ = {isa = PBXFileReference; lastKnownFileType = sourcecode.swift; path = ToggleVideoAudioButtons.swift; sourceTree = "<group>"; };
		9212B060266A00D500BBB534 /* LoggerTests.xctest */ = {isa = PBXFileReference; explicitFileType = wrapper.cfbundle; includeInIndex = 0; path = LoggerTests.xctest; sourceTree = BUILT_PRODUCTS_DIR; };
		9212B07E266A014900BBB534 /* Logger.swift */ = {isa = PBXFileReference; lastKnownFileType = sourcecode.swift; path = Logger.swift; sourceTree = "<group>"; };
		92283231264EB79200B4B3F7 /* RasterIcon.swift */ = {isa = PBXFileReference; lastKnownFileType = sourcecode.swift; path = RasterIcon.swift; sourceTree = "<group>"; };
		9234B57E260F40AB0083BEDB /* AppModule.swift */ = {isa = PBXFileReference; lastKnownFileType = sourcecode.swift; path = AppModule.swift; sourceTree = "<group>"; };
		9234B580260F40B10083BEDB /* RNCModules.m */ = {isa = PBXFileReference; lastKnownFileType = sourcecode.c.objc; path = RNCModules.m; sourceTree = "<group>"; };
		92397BFE26306428009644C0 /* Common.framework */ = {isa = PBXFileReference; lastKnownFileType = wrapper.framework; name = Common.framework; path = ReactNativeModules/Common.framework; sourceTree = "<group>"; };
		92438C6826398FEF004A296D /* ToJson.swift */ = {isa = PBXFileReference; lastKnownFileType = sourcecode.swift; path = ToJson.swift; sourceTree = "<group>"; };
		924F1E4925EB6FAD00FDF117 /* connectreactive.entitlements */ = {isa = PBXFileReference; lastKnownFileType = text.plist.entitlements; name = connectreactive.entitlements; path = connectreactive/connectreactive.entitlements; sourceTree = "<group>"; };
		9250DBF0261613C1001FD73C /* NewJitsiClient.swift */ = {isa = PBXFileReference; lastKnownFileType = sourcecode.swift; path = NewJitsiClient.swift; sourceTree = "<group>"; };
		9250DC0426171271001FD73C /* TracksStore.swift */ = {isa = PBXFileReference; lastKnownFileType = sourcecode.swift; path = TracksStore.swift; sourceTree = "<group>"; };
		92566B3F269700230016FD30 /* CaptureScreenShot.swift */ = {isa = PBXFileReference; lastKnownFileType = sourcecode.swift; path = CaptureScreenShot.swift; sourceTree = "<group>"; };
		9256E721263E66F000D67036 /* SpeakerVideoViewContainer.swift */ = {isa = PBXFileReference; lastKnownFileType = sourcecode.swift; path = SpeakerVideoViewContainer.swift; sourceTree = "<group>"; };
		925B71A6262D6F95003FF01A /* Common.framework */ = {isa = PBXFileReference; lastKnownFileType = wrapper.framework; path = Common.framework; sourceTree = "<group>"; };
		925EDD2926551F930041B266 /* GoAsyncStorage.swift */ = {isa = PBXFileReference; lastKnownFileType = sourcecode.swift; path = GoAsyncStorage.swift; sourceTree = "<group>"; };
		928BFDAE2622BE4E001012AD /* SpeakerView.swift */ = {isa = PBXFileReference; lastKnownFileType = sourcecode.swift; path = SpeakerView.swift; sourceTree = "<group>"; };
		9297C285262096140016B504 /* RNMessageComposer.swift */ = {isa = PBXFileReference; lastKnownFileType = sourcecode.swift; path = RNMessageComposer.swift; sourceTree = "<group>"; };
		92B375612641757000CC0573 /* ShareDesktopContainerView.swift */ = {isa = PBXFileReference; lastKnownFileType = sourcecode.swift; path = ShareDesktopContainerView.swift; sourceTree = "<group>"; };
		92B52326265CC7AC00C68159 /* UserReactionsView.swift */ = {isa = PBXFileReference; lastKnownFileType = sourcecode.swift; path = UserReactionsView.swift; sourceTree = "<group>"; };
		92C862792621B7B9008A4DD4 /* RNCViewManagers.m */ = {isa = PBXFileReference; lastKnownFileType = sourcecode.c.objc; path = RNCViewManagers.m; sourceTree = "<group>"; };
		92C8627A2621B7B9008A4DD4 /* TargetPathView.swift */ = {isa = PBXFileReference; lastKnownFileType = sourcecode.swift; path = TargetPathView.swift; sourceTree = "<group>"; };
		92D865E7262D517F00CF033E /* NewJitsiIosSpecific.swift */ = {isa = PBXFileReference; lastKnownFileType = sourcecode.swift; path = NewJitsiIosSpecific.swift; sourceTree = "<group>"; };
		92D8F40525ED06DD008562AA /* GoogleService-Info.plist */ = {isa = PBXFileReference; lastKnownFileType = text.plist.xml; path = "GoogleService-Info.plist"; sourceTree = "<group>"; };
		92DE08A9263D2315007CEBC9 /* ListenersStore.swift */ = {isa = PBXFileReference; lastKnownFileType = sourcecode.swift; path = ListenersStore.swift; sourceTree = "<group>"; };
		92DE08AB263D3121007CEBC9 /* DynamicJSON.swift */ = {isa = PBXFileReference; lastKnownFileType = sourcecode.swift; path = DynamicJSON.swift; sourceTree = "<group>"; };
		92DE08AD263D345D007CEBC9 /* ParticipantUtils.swift */ = {isa = PBXFileReference; lastKnownFileType = sourcecode.swift; path = ParticipantUtils.swift; sourceTree = "<group>"; };
		92E9145025E77D1700EAEB52 /* connectreactive-Bridging-Header.h */ = {isa = PBXFileReference; lastKnownFileType = sourcecode.c.h; path = "connectreactive-Bridging-Header.h"; sourceTree = "<group>"; };
		92E9D4442653788D00A8299C /* HttpClient.swift */ = {isa = PBXFileReference; lastKnownFileType = sourcecode.swift; path = HttpClient.swift; sourceTree = "<group>"; };
		92F9CCF82689AA95003BEA23 /* networking.jpg */ = {isa = PBXFileReference; lastKnownFileType = image.jpeg; path = networking.jpg; sourceTree = "<group>"; };
		92FEE03F26218DD400119279 /* AppManager.swift */ = {isa = PBXFileReference; lastKnownFileType = sourcecode.swift; path = AppManager.swift; sourceTree = "<group>"; };
		AD346FD42696FC3300DB94E7 /* FullscreenVideoController.swift */ = {isa = PBXFileReference; lastKnownFileType = sourcecode.swift; path = FullscreenVideoController.swift; sourceTree = "<group>"; };
		AD645D312632E91400307298 /* ListenersBottomSheetView.swift */ = {isa = PBXFileReference; lastKnownFileType = sourcecode.swift; path = ListenersBottomSheetView.swift; sourceTree = "<group>"; };
		AD7E5F632683777400C63CF7 /* IntercomModule.swift */ = {isa = PBXFileReference; fileEncoding = 4; lastKnownFileType = sourcecode.swift; path = IntercomModule.swift; sourceTree = "<group>"; };
		AD9CA39C01A8E8D4641DEA39 /* Pods-connectreactive.release.xcconfig */ = {isa = PBXFileReference; includeInIndex = 1; lastKnownFileType = text.xcconfig; name = "Pods-connectreactive.release.xcconfig"; path = "Target Support Files/Pods-connectreactive/Pods-connectreactive.release.xcconfig"; sourceTree = "<group>"; };
		AD9E587C26679B1E00476342 /* MenuTextInput.swift */ = {isa = PBXFileReference; fileEncoding = 4; lastKnownFileType = sourcecode.swift; path = MenuTextInput.swift; sourceTree = "<group>"; };
		AFF5A5AE29067438F3FC6EDE /* Pods-connectreactive.debug.xcconfig */ = {isa = PBXFileReference; includeInIndex = 1; lastKnownFileType = text.xcconfig; name = "Pods-connectreactive.debug.xcconfig"; path = "Target Support Files/Pods-connectreactive/Pods-connectreactive.debug.xcconfig"; sourceTree = "<group>"; };
		D6EA6275C842468C00FB682F /* Pods-ImageNotification.release.xcconfig */ = {isa = PBXFileReference; includeInIndex = 1; lastKnownFileType = text.xcconfig; name = "Pods-ImageNotification.release.xcconfig"; path = "Target Support Files/Pods-ImageNotification/Pods-ImageNotification.release.xcconfig"; sourceTree = "<group>"; };
		ED297162215061F000B7C4FE /* JavaScriptCore.framework */ = {isa = PBXFileReference; lastKnownFileType = wrapper.framework; name = JavaScriptCore.framework; path = System/Library/Frameworks/JavaScriptCore.framework; sourceTree = SDKROOT; };
		ED2971642150620600B7C4FE /* JavaScriptCore.framework */ = {isa = PBXFileReference; lastKnownFileType = wrapper.framework; name = JavaScriptCore.framework; path = Platforms/AppleTVOS.platform/Developer/SDKs/AppleTVOS12.0.sdk/System/Library/Frameworks/JavaScriptCore.framework; sourceTree = DEVELOPER_DIR; };
		F570EFC2273D603A00F11CDB /* black.mp4 */ = {isa = PBXFileReference; lastKnownFileType = file; path = black.mp4; sourceTree = "<group>"; };
/* End PBXFileReference section */

/* Begin PBXFrameworksBuildPhase section */
		13B07F8C1A680F5B00A75B9A /* Frameworks */ = {
			isa = PBXFrameworksBuildPhase;
			buildActionMask = 2147483647;
			files = (
				764BB151270DF8A3003C4877 /* LinkPresentation.framework in Frameworks */,
				AD26D98D25F0EE2600CFD19C /* WebRTC.xcframework in Frameworks */,
				AD26D99025F0EE4D00CFD19C /* JitsiWebRTC.framework in Frameworks */,
				764BB14F270DF671003C4877 /* Common.xcframework in Frameworks */,
				0DE4B00619CC2DF52BDAF5DE /* libPods-connectreactive.a in Frameworks */,
			);
			runOnlyForDeploymentPostprocessing = 0;
		};
		7569D80E27BA939F00409A61 /* Frameworks */ = {
			isa = PBXFrameworksBuildPhase;
			buildActionMask = 2147483647;
			files = (
				F8AAC98A1EAAF1C9547A91D8 /* libPods-ImageNotification.a in Frameworks */,
			);
			runOnlyForDeploymentPostprocessing = 0;
		};
		9212B05D266A00D500BBB534 /* Frameworks */ = {
			isa = PBXFrameworksBuildPhase;
			buildActionMask = 2147483647;
			files = (
			);
			runOnlyForDeploymentPostprocessing = 0;
		};
/* End PBXFrameworksBuildPhase section */

/* Begin PBXGroup section */
		13B07FAE1A68108700A75B9A /* connectreactive */ = {
			isa = PBXGroup;
			children = (
				768BD9CC27121CCD00D82B41 /* NewJitsi */,
				768BD9CB27121B7100D82B41 /* Support */,
				768BD9CA27121B2700D82B41 /* NativeViews */,
				768EF5CD264A637D0022BF70 /* Backgrounds */,
				7650D83F25ED2EF200F1648F /* RoomNativeViews */,
				ADF8EFB125ED0512009CF320 /* ReactNativeModules */,
				92D8F40525ED06DD008562AA /* GoogleService-Info.plist */,
				924F1E4925EB6FAD00FDF117 /* connectreactive.entitlements */,
				008F07F21AC5B25A0029DE68 /* main.jsbundle */,
				13B07FAF1A68108700A75B9A /* AppDelegate.h */,
				13B07FB01A68108700A75B9A /* AppDelegate.m */,
				13B07FB51A68108700A75B9A /* Images.xcassets */,
				13B07FB61A68108700A75B9A /* Info.plist */,
				81AB9BB72411601600AC10FF /* LaunchScreen.storyboard */,
				13B07FB71A68108700A75B9A /* main.m */,
				92E9145025E77D1700EAEB52 /* connectreactive-Bridging-Header.h */,
			);
			name = connectreactive;
			sourceTree = "<group>";
		};
		2D16E6871FA4F8E400B85C8A /* Frameworks */ = {
			isa = PBXGroup;
			children = (
				75172ACB27DFBD6F00771284 /* Twitter.framework */,
				764BB150270DF8A3003C4877 /* LinkPresentation.framework */,
				92397BFE26306428009644C0 /* Common.framework */,
				7650D83525ED155200F1648F /* WebRTC.xcframework */,
				7650D83125ED154F00F1648F /* JitsiWebRTC.framework */,
				7650D82C25ED147700F1648F /* JitsiWebRTC.framework */,
				7650D82325ED145500F1648F /* WebRTC.xcframework */,
				ED297162215061F000B7C4FE /* JavaScriptCore.framework */,
				ED2971642150620600B7C4FE /* JavaScriptCore.framework */,
				22DB59865C64DE8CAE6B23B2 /* libPods-connectreactive.a */,
				2FAACC2AF46BE2751D97B8DA /* libPods-ImageNotification.a */,
			);
			name = Frameworks;
			sourceTree = "<group>";
		};
		7569D81227BA939F00409A61 /* ImageNotification */ = {
			isa = PBXGroup;
			children = (
				7569D81327BA939F00409A61 /* NotificationService.swift */,
				7569D81527BA939F00409A61 /* Info.plist */,
			);
			path = ImageNotification;
			sourceTree = "<group>";
		};
		7650BAB126374DBD00B90B1F /* ListenersPopup */ = {
			isa = PBXGroup;
			children = (
				AD645D312632E91400307298 /* ListenersBottomSheetView.swift */,
				76C98DE12639404F00B7531C /* RoomInfoView.swift */,
				7650BAAF26374D9C00B90B1F /* ListenerCollectionCell.swift */,
				7650BAAD26374D8200B90B1F /* ListenerAvatarView.swift */,
				7650BAAB26374D5A00B90B1F /* ListenerView.swift */,
				92DE08A9263D2315007CEBC9 /* ListenersStore.swift */,
				763126DC26C6B4CF000E9A6F /* MarqueeLabel.swift */,
			);
			path = ListenersPopup;
			sourceTree = "<group>";
		};
		7650D83F25ED2EF200F1648F /* RoomNativeViews */ = {
			isa = PBXGroup;
			children = (
				7650BAB126374DBD00B90B1F /* ListenersPopup */,
				92044D62262DB6BB008593C8 /* RadarView.swift */,
				768EF5CB264A5D630022BF70 /* RoomBackgroundView.swift */,
				92B375612641757000CC0573 /* ShareDesktopContainerView.swift */,
				9256E721263E66F000D67036 /* SpeakerVideoViewContainer.swift */,
				928BFDAE2622BE4E001012AD /* SpeakerView.swift */,
				7650D84225ED2FB900F1648F /* SubscriberView.swift */,
				92C8627A2621B7B9008A4DD4 /* TargetPathView.swift */,
				7650D84025ED2F8800F1648F /* ZoomImageView.swift */,
				7524B42027F49AC30095D624 /* FloatingReactionsView.swift */,
			);
			path = RoomNativeViews;
			sourceTree = "<group>";
		};
		768BD9CA27121B2700D82B41 /* NativeViews */ = {
			isa = PBXGroup;
			children = (
				92044D66262DBA21008593C8 /* BaseMovableView.swift */,
				7650D84425ED2FF800F1648F /* BaseParticipantView.swift */,
				AD346FD42696FC3300DB94E7 /* FullscreenVideoController.swift */,
			);
			path = NativeViews;
			sourceTree = "<group>";
		};
		768BD9CB27121B7100D82B41 /* Support */ = {
			isa = PBXGroup;
			children = (
				92FEE03F26218DD400119279 /* AppManager.swift */,
				92DE08AB263D3121007CEBC9 /* DynamicJSON.swift */,
				92DE08AD263D345D007CEBC9 /* ParticipantUtils.swift */,
				76A24EDD2645717800BE1C9F /* RoomBackgroundImageProvider.swift */,
				92438C6826398FEF004A296D /* ToJson.swift */,
				754FDC3B272B5FF90011489B /* Device+Extension.swift */,
				751030CC274FC61A005A8C41 /* UIView+Extension.swift */,
				75DB0C542769DCBB0061446B /* ViewportSender.swift */,
			);
			path = Support;
			sourceTree = "<group>";
		};
		768BD9CC27121CCD00D82B41 /* NewJitsi */ = {
			isa = PBXGroup;
			children = (
				9250DBF0261613C1001FD73C /* NewJitsiClient.swift */,
				92D865E7262D517F00CF033E /* NewJitsiIosSpecific.swift */,
				9250DC0426171271001FD73C /* TracksStore.swift */,
			);
			path = NewJitsi;
			sourceTree = "<group>";
		};
		768EF5CD264A637D0022BF70 /* Backgrounds */ = {
			isa = PBXGroup;
			children = (
				7547CE49271FFEF0006D8FFB /* artGallery.jpg */,
				76D1D17226CFFA8B00278A90 /* largePublic.jpg */,
				753DBAD027A3FB82008BB09F /* multiroom.jpg */,
				92F9CCF82689AA95003BEA23 /* networking.jpg */,
				768EF5CE264A63960022BF70 /* public.jpg */,
				76D1D17626CFFB3500278A90 /* smallNetworking.jpg */,
			);
			path = Backgrounds;
			sourceTree = "<group>";
		};
		832341AE1AAA6A7D00B99B32 /* Libraries */ = {
			isa = PBXGroup;
			children = (
			);
			name = Libraries;
			sourceTree = "<group>";
		};
		83CBB9F61A601CBA00E9B192 = {
			isa = PBXGroup;
			children = (
				13B07FAE1A68108700A75B9A /* connectreactive */,
				832341AE1AAA6A7D00B99B32 /* Libraries */,
				7569D81227BA939F00409A61 /* ImageNotification */,
				83CBBA001A601CBA00E9B192 /* Products */,
				2D16E6871FA4F8E400B85C8A /* Frameworks */,
				FF5C504A28969BC2F317AB0F /* Pods */,
				881D184BDD6E43B68B29EB23 /* Resources */,
				92397BFB26306337009644C0 /* Recovered References */,
			);
			indentWidth = 4;
			sourceTree = "<group>";
			tabWidth = 4;
			usesTabs = 0;
		};
		83CBBA001A601CBA00E9B192 /* Products */ = {
			isa = PBXGroup;
			children = (
				13B07F961A680F5B00A75B9A /* connectreactive.app */,
				9212B060266A00D500BBB534 /* LoggerTests.xctest */,
				7569D81127BA939F00409A61 /* ImageNotification.appex */,
			);
			name = Products;
			sourceTree = "<group>";
		};
		881D184BDD6E43B68B29EB23 /* Resources */ = {
			isa = PBXGroup;
			children = (
				F570EFC2273D603A00F11CDB /* black.mp4 */,
			);
			name = Resources;
			sourceTree = "<group>";
		};
		92044D61262DB690008593C8 /* ui */ = {
			isa = PBXGroup;
			children = (
				92C862792621B7B9008A4DD4 /* RNCViewManagers.m */,
				75D5403E2716F5470053EA25 /* ClickableView.swift */,
				AD9E587C26679B1E00476342 /* MenuTextInput.swift */,
				92283231264EB79200B4B3F7 /* RasterIcon.swift */,
				921012C7264D13520060DF1C /* ToggleVideoAudioButtons.swift */,
				92B52326265CC7AC00C68159 /* UserReactionsView.swift */,
				921012C5264D0AFB0060DF1C /* UserSpeakerMicrophoneIconsView.swift */,
				921012C3264D024F0060DF1C /* UserTogglesView.swift */,
			);
			path = ui;
			sourceTree = "<group>";
		};
		92397BFB26306337009644C0 /* Recovered References */ = {
			isa = PBXGroup;
			children = (
				925B71A6262D6F95003FF01A /* Common.framework */,
			);
			name = "Recovered References";
			sourceTree = "<group>";
		};
		ADF8EFB125ED0512009CF320 /* ReactNativeModules */ = {
			isa = PBXGroup;
			children = (
				9234B580260F40B10083BEDB /* RNCModules.m */,
				9234B57E260F40AB0083BEDB /* AppModule.swift */,
				92566B3F269700230016FD30 /* CaptureScreenShot.swift */,
				925EDD2926551F930041B266 /* GoAsyncStorage.swift */,
				92E9D4442653788D00A8299C /* HttpClient.swift */,
				AD7E5F632683777400C63CF7 /* IntercomModule.swift */,
				9212B07E266A014900BBB534 /* Logger.swift */,
				9297C285262096140016B504 /* RNMessageComposer.swift */,
				764BB14E270DF671003C4877 /* Common.xcframework */,
				92044D61262DB690008593C8 /* ui */,
			);
			path = ReactNativeModules;
			sourceTree = "<group>";
		};
		FF5C504A28969BC2F317AB0F /* Pods */ = {
			isa = PBXGroup;
			children = (
				AFF5A5AE29067438F3FC6EDE /* Pods-connectreactive.debug.xcconfig */,
				AD9CA39C01A8E8D4641DEA39 /* Pods-connectreactive.release.xcconfig */,
				7A04A5E487707C8E470B99AF /* Pods-ImageNotification.debug.xcconfig */,
				D6EA6275C842468C00FB682F /* Pods-ImageNotification.release.xcconfig */,
			);
			path = Pods;
			sourceTree = "<group>";
		};
/* End PBXGroup section */

/* Begin PBXNativeTarget section */
		13B07F861A680F5B00A75B9A /* connectreactive */ = {
			isa = PBXNativeTarget;
			buildConfigurationList = 13B07F931A680F5B00A75B9A /* Build configuration list for PBXNativeTarget "connectreactive" */;
			buildPhases = (
				FBECA6908AFDAE329253259A /* [CP] Check Pods Manifest.lock */,
				FD10A7F022414F080027D42C /* Start Packager */,
				13B07F871A680F5B00A75B9A /* Sources */,
				13B07F8C1A680F5B00A75B9A /* Frameworks */,
				13B07F8E1A680F5B00A75B9A /* Resources */,
				00DD1BFF1BD5951E006B06BC /* Bundle React Native code and images */,
				AD26D98F25F0EE2600CFD19C /* Embed Frameworks */,
				237438A22A384E1C8D3A967B /* Upload source maps to Bugsnag */,
				ADA1166A25FB9EF2001AED40 /* Upload Bugsnag dSYM */,
				3EC64119094D6E17898C8C45 /* [CP] Copy Pods Resources */,
				A6B6C63A367E00A9D474AF69 /* [CP-User] [RNFB] Core Configuration */,
				A1EF3FE4833AFC38282B566D /* [CP] Embed Pods Frameworks */,
				7569D81927BA939F00409A61 /* Embed App Extensions */,
			);
			buildRules = (
			);
			dependencies = (
				7569D81727BA939F00409A61 /* PBXTargetDependency */,
			);
			name = connectreactive;
			productName = connectreactive;
			productReference = 13B07F961A680F5B00A75B9A /* connectreactive.app */;
			productType = "com.apple.product-type.application";
		};
		7569D81027BA939F00409A61 /* ImageNotification */ = {
			isa = PBXNativeTarget;
			buildConfigurationList = 7569D81C27BA939F00409A61 /* Build configuration list for PBXNativeTarget "ImageNotification" */;
			buildPhases = (
				CD6F75C27A4AEE2F875EDDEB /* [CP] Check Pods Manifest.lock */,
				7569D80D27BA939F00409A61 /* Sources */,
				7569D80E27BA939F00409A61 /* Frameworks */,
				7569D80F27BA939F00409A61 /* Resources */,
			);
			buildRules = (
			);
			dependencies = (
			);
			name = ImageNotification;
			productName = ImageNotification;
			productReference = 7569D81127BA939F00409A61 /* ImageNotification.appex */;
			productType = "com.apple.product-type.app-extension";
		};
		9212B05F266A00D500BBB534 /* LoggerTests */ = {
			isa = PBXNativeTarget;
			buildConfigurationList = 9212B072266A00D500BBB534 /* Build configuration list for PBXNativeTarget "LoggerTests" */;
			buildPhases = (
				9212B05C266A00D500BBB534 /* Sources */,
				9212B05D266A00D500BBB534 /* Frameworks */,
				9212B05E266A00D500BBB534 /* Resources */,
			);
			buildRules = (
			);
			dependencies = (
				9212B065266A00D500BBB534 /* PBXTargetDependency */,
			);
			name = LoggerTests;
			productName = LoggerTests;
			productReference = 9212B060266A00D500BBB534 /* LoggerTests.xctest */;
			productType = "com.apple.product-type.bundle.unit-test";
		};
/* End PBXNativeTarget section */

/* Begin PBXProject section */
		83CBB9F71A601CBA00E9B192 /* Project object */ = {
			isa = PBXProject;
			attributes = {
				LastSwiftUpdateCheck = 1320;
				LastUpgradeCheck = 1130;
				TargetAttributes = {
					13B07F861A680F5B00A75B9A = {
						DevelopmentTeam = EEVY6TSEGL;
						LastSwiftMigration = 1220;
					};
					7569D81027BA939F00409A61 = {
						CreatedOnToolsVersion = 13.2.1;
					};
					9212B05F266A00D500BBB534 = {
						CreatedOnToolsVersion = 12.4;
						TestTargetID = 13B07F861A680F5B00A75B9A;
					};
				};
			};
			buildConfigurationList = 83CBB9FA1A601CBA00E9B192 /* Build configuration list for PBXProject "connectreactive" */;
			compatibilityVersion = "Xcode 3.2";
			developmentRegion = en;
			hasScannedForEncodings = 0;
			knownRegions = (
				en,
				Base,
			);
			mainGroup = 83CBB9F61A601CBA00E9B192;
			productRefGroup = 83CBBA001A601CBA00E9B192 /* Products */;
			projectDirPath = "";
			projectRoot = "";
			targets = (
				13B07F861A680F5B00A75B9A /* connectreactive */,
				9212B05F266A00D500BBB534 /* LoggerTests */,
				7569D81027BA939F00409A61 /* ImageNotification */,
			);
		};
/* End PBXProject section */

/* Begin PBXResourcesBuildPhase section */
		13B07F8E1A680F5B00A75B9A /* Resources */ = {
			isa = PBXResourcesBuildPhase;
			buildActionMask = 2147483647;
			files = (
				75E74A19279EDC5A00626B8A /* connectreactive.entitlements in Resources */,
				7547CE4A271FFEF0006D8FFB /* artGallery.jpg in Resources */,
				76D1D17326CFFA8B00278A90 /* largePublic.jpg in Resources */,
				AD26D99225F0F2D200CFD19C /* main.jsbundle in Resources */,
				753DBAD127A3FB82008BB09F /* multiroom.jpg in Resources */,
				768EF5CF264A63960022BF70 /* public.jpg in Resources */,
				81AB9BB82411601600AC10FF /* LaunchScreen.storyboard in Resources */,
				13B07FBF1A68108700A75B9A /* Images.xcassets in Resources */,
				76D1D17726CFFB3500278A90 /* smallNetworking.jpg in Resources */,
				F570EFC3273D603A00F11CDB /* black.mp4 in Resources */,
				92F9CCFA2689AA95003BEA23 /* networking.jpg in Resources */,
				92D8F40625ED06E6008562AA /* GoogleService-Info.plist in Resources */,
			);
			runOnlyForDeploymentPostprocessing = 0;
		};
		7569D80F27BA939F00409A61 /* Resources */ = {
			isa = PBXResourcesBuildPhase;
			buildActionMask = 2147483647;
			files = (
			);
			runOnlyForDeploymentPostprocessing = 0;
		};
		9212B05E266A00D500BBB534 /* Resources */ = {
			isa = PBXResourcesBuildPhase;
			buildActionMask = 2147483647;
			files = (
			);
			runOnlyForDeploymentPostprocessing = 0;
		};
/* End PBXResourcesBuildPhase section */

/* Begin PBXShellScriptBuildPhase section */
		00DD1BFF1BD5951E006B06BC /* Bundle React Native code and images */ = {
			isa = PBXShellScriptBuildPhase;
			buildActionMask = 2147483647;
			files = (
			);
			inputPaths = (
			);
			name = "Bundle React Native code and images";
			outputPaths = (
			);
			runOnlyForDeploymentPostprocessing = 0;
			shellPath = /bin/sh;
			shellScript = "export EXTRA_PACKAGER_ARGS=\"--sourcemap-output $TMPDIR/$(md5 -qs \"$CONFIGURATION_BUILD_DIR\")-main.jsbundle.map\"\nexport NODE_BINARY=node\n../node_modules/react-native/scripts/react-native-xcode.sh\n";
		};
		237438A22A384E1C8D3A967B /* Upload source maps to Bugsnag */ = {
			isa = PBXShellScriptBuildPhase;
			buildActionMask = 2147483647;
			files = (
			);
			inputPaths = (
			);
			name = "Upload source maps to Bugsnag";
			outputPaths = (
			);
			runOnlyForDeploymentPostprocessing = 0;
			shellPath = /bin/sh;
			shellScript = "#SOURCE_MAP=\"$TMPDIR/$(md5 -qs \"$CONFIGURATION_BUILD_DIR\")-main.jsbundle.map\" ../node_modules/@bugsnag/react-native/bugsnag-react-native-xcode.sh\n";
		};
		3EC64119094D6E17898C8C45 /* [CP] Copy Pods Resources */ = {
			isa = PBXShellScriptBuildPhase;
			buildActionMask = 2147483647;
			files = (
			);
			inputPaths = (
				"${PODS_ROOT}/Target Support Files/Pods-connectreactive/Pods-connectreactive-resources.sh",
				"${PODS_ROOT}/Amplitude/Sources/Amplitude/Resources/ComodoRsaDomainValidationCA.der",
				"${PODS_CONFIGURATION_BUILD_DIR}/RNImageCropPicker/QBImagePicker.bundle",
				"${PODS_CONFIGURATION_BUILD_DIR}/React-Core/AccessibilityResources.bundle",
				"${PODS_CONFIGURATION_BUILD_DIR}/TOCropViewController/TOCropViewControllerBundle.bundle",
			);
			name = "[CP] Copy Pods Resources";
			outputPaths = (
				"${TARGET_BUILD_DIR}/${UNLOCALIZED_RESOURCES_FOLDER_PATH}/ComodoRsaDomainValidationCA.der",
				"${TARGET_BUILD_DIR}/${UNLOCALIZED_RESOURCES_FOLDER_PATH}/QBImagePicker.bundle",
				"${TARGET_BUILD_DIR}/${UNLOCALIZED_RESOURCES_FOLDER_PATH}/AccessibilityResources.bundle",
				"${TARGET_BUILD_DIR}/${UNLOCALIZED_RESOURCES_FOLDER_PATH}/TOCropViewControllerBundle.bundle",
			);
			runOnlyForDeploymentPostprocessing = 0;
			shellPath = /bin/sh;
			shellScript = "\"${PODS_ROOT}/Target Support Files/Pods-connectreactive/Pods-connectreactive-resources.sh\"\n";
			showEnvVarsInLog = 0;
		};
		A1EF3FE4833AFC38282B566D /* [CP] Embed Pods Frameworks */ = {
			isa = PBXShellScriptBuildPhase;
			buildActionMask = 2147483647;
			files = (
			);
			inputPaths = (
				"${PODS_ROOT}/Target Support Files/Pods-connectreactive/Pods-connectreactive-frameworks.sh",
				"${PODS_XCFRAMEWORKS_BUILD_DIR}/Intercom/Intercom.framework/Intercom",
			);
			name = "[CP] Embed Pods Frameworks";
			outputPaths = (
				"${TARGET_BUILD_DIR}/${FRAMEWORKS_FOLDER_PATH}/Intercom.framework",
			);
			runOnlyForDeploymentPostprocessing = 0;
			shellPath = /bin/sh;
			shellScript = "\"${PODS_ROOT}/Target Support Files/Pods-connectreactive/Pods-connectreactive-frameworks.sh\"\n";
			showEnvVarsInLog = 0;
		};
		A6B6C63A367E00A9D474AF69 /* [CP-User] [RNFB] Core Configuration */ = {
			isa = PBXShellScriptBuildPhase;
			buildActionMask = 2147483647;
			files = (
			);
			inputPaths = (
				"$(BUILT_PRODUCTS_DIR)/$(INFOPLIST_PATH)",
			);
			name = "[CP-User] [RNFB] Core Configuration";
			runOnlyForDeploymentPostprocessing = 0;
			shellPath = /bin/sh;
			shellScript = "#!/usr/bin/env bash\n#\n# Copyright (c) 2016-present Invertase Limited & Contributors\n#\n# Licensed under the Apache License, Version 2.0 (the \"License\");\n# you may not use this library except in compliance with the License.\n# You may obtain a copy of the License at\n#\n#   http://www.apache.org/licenses/LICENSE-2.0\n#\n# Unless required by applicable law or agreed to in writing, software\n# distributed under the License is distributed on an \"AS IS\" BASIS,\n# WITHOUT WARRANTIES OR CONDITIONS OF ANY KIND, either express or implied.\n# See the License for the specific language governing permissions and\n# limitations under the License.\n#\nset -e\n\n_MAX_LOOKUPS=2;\n_SEARCH_RESULT=''\n_RN_ROOT_EXISTS=''\n_CURRENT_LOOKUPS=1\n_JSON_ROOT=\"'react-native'\"\n_JSON_FILE_NAME='firebase.json'\n_JSON_OUTPUT_BASE64='e30=' # { }\n_CURRENT_SEARCH_DIR=${PROJECT_DIR}\n_PLIST_BUDDY=/usr/libexec/PlistBuddy\n_TARGET_PLIST=\"${BUILT_PRODUCTS_DIR}/${INFOPLIST_PATH}\"\n_DSYM_PLIST=\"${DWARF_DSYM_FOLDER_PATH}/${DWARF_DSYM_FILE_NAME}/Contents/Info.plist\"\n\n# plist arrays\n_PLIST_ENTRY_KEYS=()\n_PLIST_ENTRY_TYPES=()\n_PLIST_ENTRY_VALUES=()\n\nfunction setPlistValue {\n  echo \"info:      setting plist entry '$1' of type '$2' in file '$4'\"\n  ${_PLIST_BUDDY} -c \"Add :$1 $2 '$3'\" $4 || echo \"info:      '$1' already exists\"\n}\n\nfunction getFirebaseJsonKeyValue () {\n  if [[ ${_RN_ROOT_EXISTS} ]]; then\n    ruby -e \"require 'rubygems';require 'json'; output=JSON.parse('$1'); puts output[$_JSON_ROOT]['$2']\"\n  else\n    echo \"\"\n  fi;\n}\n\nfunction jsonBoolToYesNo () {\n  if [[ $1 == \"false\" ]]; then\n    echo \"NO\"\n  elif [[ $1 == \"true\" ]]; then\n    echo \"YES\"\n  else echo \"NO\"\n  fi\n}\n\necho \"info: -> RNFB build script started\"\necho \"info: 1) Locating ${_JSON_FILE_NAME} file:\"\n\nif [[ -z ${_CURRENT_SEARCH_DIR} ]]; then\n  _CURRENT_SEARCH_DIR=$(pwd)\nfi;\n\nwhile true; do\n  _CURRENT_SEARCH_DIR=$(dirname \"$_CURRENT_SEARCH_DIR\")\n  if [[ \"$_CURRENT_SEARCH_DIR\" == \"/\" ]] || [[ ${_CURRENT_LOOKUPS} -gt ${_MAX_LOOKUPS} ]]; then break; fi;\n  echo \"info:      ($_CURRENT_LOOKUPS of $_MAX_LOOKUPS) Searching in '$_CURRENT_SEARCH_DIR' for a ${_JSON_FILE_NAME} file.\"\n  _SEARCH_RESULT=$(find \"$_CURRENT_SEARCH_DIR\" -maxdepth 2 -name ${_JSON_FILE_NAME} -print | /usr/bin/head -n 1)\n  if [[ ${_SEARCH_RESULT} ]]; then\n    echo \"info:      ${_JSON_FILE_NAME} found at $_SEARCH_RESULT\"\n    break;\n  fi;\n  _CURRENT_LOOKUPS=$((_CURRENT_LOOKUPS+1))\ndone\n\nif [[ ${_SEARCH_RESULT} ]]; then\n  _JSON_OUTPUT_RAW=$(cat \"${_SEARCH_RESULT}\")\n  _RN_ROOT_EXISTS=$(ruby -e \"require 'rubygems';require 'json'; output=JSON.parse('$_JSON_OUTPUT_RAW'); puts output[$_JSON_ROOT]\" || echo '')\n\n  if [[ ${_RN_ROOT_EXISTS} ]]; then\n    _JSON_OUTPUT_BASE64=$(python -c 'import json,sys,base64;print(base64.b64encode(json.dumps(json.loads(open('\"'${_SEARCH_RESULT}'\"').read())['${_JSON_ROOT}'])))' || echo \"e30=\")\n  fi\n\n  _PLIST_ENTRY_KEYS+=(\"firebase_json_raw\")\n  _PLIST_ENTRY_TYPES+=(\"string\")\n  _PLIST_ENTRY_VALUES+=(\"$_JSON_OUTPUT_BASE64\")\n\n  # config.app_data_collection_default_enabled\n  _APP_DATA_COLLECTION_ENABLED=$(getFirebaseJsonKeyValue \"$_JSON_OUTPUT_RAW\" \"app_data_collection_default_enabled\")\n  if [[ $_APP_DATA_COLLECTION_ENABLED ]]; then\n    _PLIST_ENTRY_KEYS+=(\"FirebaseDataCollectionDefaultEnabled\")\n    _PLIST_ENTRY_TYPES+=(\"bool\")\n    _PLIST_ENTRY_VALUES+=(\"$(jsonBoolToYesNo \"$_APP_DATA_COLLECTION_ENABLED\")\")\n  fi\n\n  # config.analytics_auto_collection_enabled\n  _ANALYTICS_AUTO_COLLECTION=$(getFirebaseJsonKeyValue \"$_JSON_OUTPUT_RAW\" \"analytics_auto_collection_enabled\")\n  if [[ $_ANALYTICS_AUTO_COLLECTION ]]; then\n    _PLIST_ENTRY_KEYS+=(\"FIREBASE_ANALYTICS_COLLECTION_ENABLED\")\n    _PLIST_ENTRY_TYPES+=(\"bool\")\n    _PLIST_ENTRY_VALUES+=(\"$(jsonBoolToYesNo \"$_ANALYTICS_AUTO_COLLECTION\")\")\n  fi\n\n  # config.analytics_collection_deactivated\n  _ANALYTICS_DEACTIVATED=$(getFirebaseJsonKeyValue \"$_JSON_OUTPUT_RAW\" \"analytics_collection_deactivated\")\n  if [[ $_ANALYTICS_DEACTIVATED ]]; then\n    _PLIST_ENTRY_KEYS+=(\"FIREBASE_ANALYTICS_COLLECTION_DEACTIVATED\")\n    _PLIST_ENTRY_TYPES+=(\"bool\")\n    _PLIST_ENTRY_VALUES+=(\"$(jsonBoolToYesNo \"$_ANALYTICS_DEACTIVATED\")\")\n  fi\n\n  # config.analytics_idfv_collection_enabled\n  _ANALYTICS_IDFV_COLLECTION=$(getFirebaseJsonKeyValue \"$_JSON_OUTPUT_RAW\" \"analytics_idfv_collection_enabled\")\n  if [[ $_ANALYTICS_IDFV_COLLECTION ]]; then\n    _PLIST_ENTRY_KEYS+=(\"GOOGLE_ANALYTICS_IDFV_COLLECTION_ENABLED\")\n    _PLIST_ENTRY_TYPES+=(\"bool\")\n    _PLIST_ENTRY_VALUES+=(\"$(jsonBoolToYesNo \"$_ANALYTICS_IDFV_COLLECTION\")\")\n  fi\n\n  # config.analytics_default_allow_ad_personalization_signals\n  _ANALYTICS_PERSONALIZATION=$(getFirebaseJsonKeyValue \"$_JSON_OUTPUT_RAW\" \"analytics_default_allow_ad_personalization_signals\")\n  if [[ $_ANALYTICS_PERSONALIZATION ]]; then\n    _PLIST_ENTRY_KEYS+=(\"GOOGLE_ANALYTICS_DEFAULT_ALLOW_AD_PERSONALIZATION_SIGNALS\")\n    _PLIST_ENTRY_TYPES+=(\"bool\")\n    _PLIST_ENTRY_VALUES+=(\"$(jsonBoolToYesNo \"$_ANALYTICS_PERSONALIZATION\")\")\n  fi\n\n  # config.google_analytics_automatic_screen_reporting_enabled\n  _ANALYTICS_AUTO_SCREEN_REPORTING=$(getFirebaseJsonKeyValue \"$_JSON_OUTPUT_RAW\" \"google_analytics_automatic_screen_reporting_enabled\")\n  if [[ $_ANALYTICS_AUTO_SCREEN_REPORTING ]]; then\n    _PLIST_ENTRY_KEYS+=(\"FirebaseAutomaticScreenReportingEnabled\")\n    _PLIST_ENTRY_TYPES+=(\"bool\")\n    _PLIST_ENTRY_VALUES+=(\"$(jsonBoolToYesNo \"$_ANALYTICS_AUTO_SCREEN_REPORTING\")\")\n  fi\n\n  # config.perf_auto_collection_enabled\n  _PERF_AUTO_COLLECTION=$(getFirebaseJsonKeyValue \"$_JSON_OUTPUT_RAW\" \"perf_auto_collection_enabled\")\n  if [[ $_PERF_AUTO_COLLECTION ]]; then\n    _PLIST_ENTRY_KEYS+=(\"firebase_performance_collection_enabled\")\n    _PLIST_ENTRY_TYPES+=(\"bool\")\n    _PLIST_ENTRY_VALUES+=(\"$(jsonBoolToYesNo \"$_PERF_AUTO_COLLECTION\")\")\n  fi\n\n  # config.perf_collection_deactivated\n  _PERF_DEACTIVATED=$(getFirebaseJsonKeyValue \"$_JSON_OUTPUT_RAW\" \"perf_collection_deactivated\")\n  if [[ $_PERF_DEACTIVATED ]]; then\n    _PLIST_ENTRY_KEYS+=(\"firebase_performance_collection_deactivated\")\n    _PLIST_ENTRY_TYPES+=(\"bool\")\n    _PLIST_ENTRY_VALUES+=(\"$(jsonBoolToYesNo \"$_PERF_DEACTIVATED\")\")\n  fi\n\n  # config.messaging_auto_init_enabled\n  _MESSAGING_AUTO_INIT=$(getFirebaseJsonKeyValue \"$_JSON_OUTPUT_RAW\" \"messaging_auto_init_enabled\")\n  if [[ $_MESSAGING_AUTO_INIT ]]; then\n    _PLIST_ENTRY_KEYS+=(\"FirebaseMessagingAutoInitEnabled\")\n    _PLIST_ENTRY_TYPES+=(\"bool\")\n    _PLIST_ENTRY_VALUES+=(\"$(jsonBoolToYesNo \"$_MESSAGING_AUTO_INIT\")\")\n  fi\n\n  # config.in_app_messaging_auto_colllection_enabled\n  _FIAM_AUTO_INIT=$(getFirebaseJsonKeyValue \"$_JSON_OUTPUT_RAW\" \"in_app_messaging_auto_collection_enabled\")\n  if [[ $_FIAM_AUTO_INIT ]]; then\n    _PLIST_ENTRY_KEYS+=(\"FirebaseInAppMessagingAutomaticDataCollectionEnabled\")\n    _PLIST_ENTRY_TYPES+=(\"bool\")\n    _PLIST_ENTRY_VALUES+=(\"$(jsonBoolToYesNo \"$_FIAM_AUTO_INIT\")\")\n  fi\n\n  # config.app_check_token_auto_refresh\n  _APP_CHECK_TOKEN_AUTO_REFRESH=$(getFirebaseJsonKeyValue \"$_JSON_OUTPUT_RAW\" \"app_check_token_auto_refresh\")\n  if [[ $_APP_CHECK_TOKEN_AUTO_REFRESH ]]; then\n    _PLIST_ENTRY_KEYS+=(\"FirebaseAppCheckTokenAutoRefreshEnabled\")\n    _PLIST_ENTRY_TYPES+=(\"bool\")\n    _PLIST_ENTRY_VALUES+=(\"$(jsonBoolToYesNo \"$_APP_CHECK_TOKEN_AUTO_REFRESH\")\")\n  fi\n\n  # config.crashlytics_disable_auto_disabler - undocumented for now - mainly for debugging, document if becomes useful\n  _CRASHLYTICS_AUTO_DISABLE_ENABLED=$(getFirebaseJsonKeyValue \"$_JSON_OUTPUT_RAW\" \"crashlytics_disable_auto_disabler\")\n  if [[ $_CRASHLYTICS_AUTO_DISABLE_ENABLED == \"true\" ]]; then\n    echo \"Disabled Crashlytics auto disabler.\" # do nothing\n  else\n    _PLIST_ENTRY_KEYS+=(\"FirebaseCrashlyticsCollectionEnabled\")\n    _PLIST_ENTRY_TYPES+=(\"bool\")\n    _PLIST_ENTRY_VALUES+=(\"NO\")\n  fi\nelse\n  _PLIST_ENTRY_KEYS+=(\"firebase_json_raw\")\n  _PLIST_ENTRY_TYPES+=(\"string\")\n  _PLIST_ENTRY_VALUES+=(\"$_JSON_OUTPUT_BASE64\")\n  echo \"warning:   A firebase.json file was not found, whilst this file is optional it is recommended to include it to configure firebase services in React Native Firebase.\"\nfi;\n\necho \"info: 2) Injecting Info.plist entries: \"\n\n# Log out the keys we're adding\nfor i in \"${!_PLIST_ENTRY_KEYS[@]}\"; do\n  echo \"    ->  $i) ${_PLIST_ENTRY_KEYS[$i]}\" \"${_PLIST_ENTRY_TYPES[$i]}\" \"${_PLIST_ENTRY_VALUES[$i]}\"\ndone\n\nfor plist in \"${_TARGET_PLIST}\" \"${_DSYM_PLIST}\" ; do\n  if [[ -f \"${plist}\" ]]; then\n\n    # paths with spaces break the call to setPlistValue. temporarily modify\n    # the shell internal field separator variable (IFS), which normally\n    # includes spaces, to consist only of line breaks\n    oldifs=$IFS\n    IFS=\"\n\"\n\n    for i in \"${!_PLIST_ENTRY_KEYS[@]}\"; do\n      setPlistValue \"${_PLIST_ENTRY_KEYS[$i]}\" \"${_PLIST_ENTRY_TYPES[$i]}\" \"${_PLIST_ENTRY_VALUES[$i]}\" \"${plist}\"\n    done\n\n    # restore the original internal field separator value\n    IFS=$oldifs\n  else\n    echo \"warning:   A Info.plist build output file was not found (${plist})\"\n  fi\ndone\n\necho \"info: <- RNFB build script finished\"\n";
		};
		ADA1166A25FB9EF2001AED40 /* Upload Bugsnag dSYM */ = {
			isa = PBXShellScriptBuildPhase;
			buildActionMask = 2147483647;
			files = (
			);
			inputFileListPaths = (
			);
			inputPaths = (
			);
			name = "Upload Bugsnag dSYM";
			outputFileListPaths = (
			);
			outputPaths = (
			);
			runOnlyForDeploymentPostprocessing = 0;
			shellPath = /usr/bin/ruby;
			shellScript = "fork do\n  Process.setsid\n  STDIN.reopen(\"/dev/null\")\n  STDOUT.reopen(\"/dev/null\", \"a\")\n  STDERR.reopen(\"/dev/null\", \"a\")\n\n  require 'shellwords'\n\n  Dir[\"#{ENV[\"DWARF_DSYM_FOLDER_PATH\"]}/*/Contents/Resources/DWARF/*\"].each do |dsym|\n    system(\"curl --http1.1 -F apiKey=2f8fa7c1f8b92be83bb146db0743bd5b -F dsym=@#{Shellwords.escape(dsym)} -F projectRoot=#{Shellwords.escape(ENV[\"PROJECT_DIR\"])} https://upload.bugsnag.com/\")\n  end\nend\n";
			showEnvVarsInLog = 0;
		};
		CD6F75C27A4AEE2F875EDDEB /* [CP] Check Pods Manifest.lock */ = {
			isa = PBXShellScriptBuildPhase;
			buildActionMask = 2147483647;
			files = (
			);
			inputFileListPaths = (
			);
			inputPaths = (
				"${PODS_PODFILE_DIR_PATH}/Podfile.lock",
				"${PODS_ROOT}/Manifest.lock",
			);
			name = "[CP] Check Pods Manifest.lock";
			outputFileListPaths = (
			);
			outputPaths = (
				"$(DERIVED_FILE_DIR)/Pods-ImageNotification-checkManifestLockResult.txt",
			);
			runOnlyForDeploymentPostprocessing = 0;
			shellPath = /bin/sh;
			shellScript = "diff \"${PODS_PODFILE_DIR_PATH}/Podfile.lock\" \"${PODS_ROOT}/Manifest.lock\" > /dev/null\nif [ $? != 0 ] ; then\n    # print error to STDERR\n    echo \"error: The sandbox is not in sync with the Podfile.lock. Run 'pod install' or update your CocoaPods installation.\" >&2\n    exit 1\nfi\n# This output is used by Xcode 'outputs' to avoid re-running this script phase.\necho \"SUCCESS\" > \"${SCRIPT_OUTPUT_FILE_0}\"\n";
			showEnvVarsInLog = 0;
		};
		FBECA6908AFDAE329253259A /* [CP] Check Pods Manifest.lock */ = {
			isa = PBXShellScriptBuildPhase;
			buildActionMask = 2147483647;
			files = (
			);
			inputFileListPaths = (
			);
			inputPaths = (
				"${PODS_PODFILE_DIR_PATH}/Podfile.lock",
				"${PODS_ROOT}/Manifest.lock",
			);
			name = "[CP] Check Pods Manifest.lock";
			outputFileListPaths = (
			);
			outputPaths = (
				"$(DERIVED_FILE_DIR)/Pods-connectreactive-checkManifestLockResult.txt",
			);
			runOnlyForDeploymentPostprocessing = 0;
			shellPath = /bin/sh;
			shellScript = "diff \"${PODS_PODFILE_DIR_PATH}/Podfile.lock\" \"${PODS_ROOT}/Manifest.lock\" > /dev/null\nif [ $? != 0 ] ; then\n    # print error to STDERR\n    echo \"error: The sandbox is not in sync with the Podfile.lock. Run 'pod install' or update your CocoaPods installation.\" >&2\n    exit 1\nfi\n# This output is used by Xcode 'outputs' to avoid re-running this script phase.\necho \"SUCCESS\" > \"${SCRIPT_OUTPUT_FILE_0}\"\n";
			showEnvVarsInLog = 0;
		};
		FD10A7F022414F080027D42C /* Start Packager */ = {
			isa = PBXShellScriptBuildPhase;
			buildActionMask = 2147483647;
			files = (
			);
			inputFileListPaths = (
			);
			inputPaths = (
			);
			name = "Start Packager";
			outputFileListPaths = (
			);
			outputPaths = (
			);
			runOnlyForDeploymentPostprocessing = 0;
			shellPath = /bin/sh;
			shellScript = "export RCT_METRO_PORT=\"${RCT_METRO_PORT:=8081}\"\necho \"export RCT_METRO_PORT=${RCT_METRO_PORT}\" > \"${SRCROOT}/../node_modules/react-native/scripts/.packager.env\"\nif [ -z \"${RCT_NO_LAUNCH_PACKAGER+xxx}\" ] ; then\n  if nc -w 5 -z localhost ${RCT_METRO_PORT} ; then\n    if ! curl -s \"http://localhost:${RCT_METRO_PORT}/status\" | grep -q \"packager-status:running\" ; then\n      echo \"Port ${RCT_METRO_PORT} already in use, packager is either not running or not running correctly\"\n      exit 2\n    fi\n  else\n    open \"$SRCROOT/../node_modules/react-native/scripts/launchPackager.command\" || echo \"Can't start packager automatically\"\n  fi\nfi\n";
			showEnvVarsInLog = 0;
		};
/* End PBXShellScriptBuildPhase section */

/* Begin PBXSourcesBuildPhase section */
		13B07F871A680F5B00A75B9A /* Sources */ = {
			isa = PBXSourcesBuildPhase;
			buildActionMask = 2147483647;
			files = (
				92E9D4452653788D00A8299C /* HttpClient.swift in Sources */,
				AD9E587D26679B1E00476342 /* MenuTextInput.swift in Sources */,
				92FEE04026218DD400119279 /* AppManager.swift in Sources */,
				75DB0C552769DCBB0061446B /* ViewportSender.swift in Sources */,
				13B07FBC1A68108700A75B9A /* AppDelegate.m in Sources */,
				92044D67262DBA21008593C8 /* BaseMovableView.swift in Sources */,
				7650BAAC26374D5A00B90B1F /* ListenerView.swift in Sources */,
				92B375622641757000CC0573 /* ShareDesktopContainerView.swift in Sources */,
				76C98DE22639404F00B7531C /* RoomInfoView.swift in Sources */,
				AD645D322632E91400307298 /* ListenersBottomSheetView.swift in Sources */,
				9234B57F260F40AB0083BEDB /* AppModule.swift in Sources */,
				751030CD274FC61A005A8C41 /* UIView+Extension.swift in Sources */,
				92C8627B2621B865008A4DD4 /* TargetPathView.swift in Sources */,
				7524B42127F49AC30095D624 /* FloatingReactionsView.swift in Sources */,
				9250DBF1261613C1001FD73C /* NewJitsiClient.swift in Sources */,
				92C8627C2621B868008A4DD4 /* RNCViewManagers.m in Sources */,
				9250DC0526171271001FD73C /* TracksStore.swift in Sources */,
				92438C6926398FF0004A296D /* ToJson.swift in Sources */,
				921012C8264D13520060DF1C /* ToggleVideoAudioButtons.swift in Sources */,
				754FDC3C272B5FF90011489B /* Device+Extension.swift in Sources */,
				AD346FD52696FC3300DB94E7 /* FullscreenVideoController.swift in Sources */,
				92566B40269700230016FD30 /* CaptureScreenShot.swift in Sources */,
				9234B581260F40B10083BEDB /* RNCModules.m in Sources */,
				7650BAB026374D9C00B90B1F /* ListenerCollectionCell.swift in Sources */,
				921012C4264D024F0060DF1C /* UserTogglesView.swift in Sources */,
				7650BAAE26374D8200B90B1F /* ListenerAvatarView.swift in Sources */,
				9212B07F266A014900BBB534 /* Logger.swift in Sources */,
				7650D84125ED2F8800F1648F /* ZoomImageView.swift in Sources */,
				925EDD2A26551F930041B266 /* GoAsyncStorage.swift in Sources */,
				13B07FC11A68108700A75B9A /* main.m in Sources */,
				92DE08AC263D3121007CEBC9 /* DynamicJSON.swift in Sources */,
				92283232264EB79200B4B3F7 /* RasterIcon.swift in Sources */,
				92D865E8262D517F00CF033E /* NewJitsiIosSpecific.swift in Sources */,
				92B52327265CC7AD00C68159 /* UserReactionsView.swift in Sources */,
				768EF5CC264A5D630022BF70 /* RoomBackgroundView.swift in Sources */,
				76A24EDE2645717800BE1C9F /* RoomBackgroundImageProvider.swift in Sources */,
				92DE08AA263D2316007CEBC9 /* ListenersStore.swift in Sources */,
				9256E722263E66F000D67036 /* SpeakerVideoViewContainer.swift in Sources */,
				92DE08AE263D345D007CEBC9 /* ParticipantUtils.swift in Sources */,
				763126DD26C6B4CF000E9A6F /* MarqueeLabel.swift in Sources */,
				9297C286262096140016B504 /* RNMessageComposer.swift in Sources */,
				92044D63262DB6BB008593C8 /* RadarView.swift in Sources */,
				928BFDAF2622BE53001012AD /* SpeakerView.swift in Sources */,
				921012C6264D0AFB0060DF1C /* UserSpeakerMicrophoneIconsView.swift in Sources */,
				7650D84325ED2FB900F1648F /* SubscriberView.swift in Sources */,
				7650D84525ED2FF800F1648F /* BaseParticipantView.swift in Sources */,
				AD7E5F642683777400C63CF7 /* IntercomModule.swift in Sources */,
				75D5403F2716F5470053EA25 /* ClickableView.swift in Sources */,
			);
			runOnlyForDeploymentPostprocessing = 0;
		};
		7569D80D27BA939F00409A61 /* Sources */ = {
			isa = PBXSourcesBuildPhase;
			buildActionMask = 2147483647;
			files = (
				7569D81427BA939F00409A61 /* NotificationService.swift in Sources */,
			);
			runOnlyForDeploymentPostprocessing = 0;
		};
		9212B05C266A00D500BBB534 /* Sources */ = {
			isa = PBXSourcesBuildPhase;
			buildActionMask = 2147483647;
			files = (
			);
			runOnlyForDeploymentPostprocessing = 0;
		};
/* End PBXSourcesBuildPhase section */

/* Begin PBXTargetDependency section */
		7569D81727BA939F00409A61 /* PBXTargetDependency */ = {
			isa = PBXTargetDependency;
			target = 7569D81027BA939F00409A61 /* ImageNotification */;
			targetProxy = 7569D81627BA939F00409A61 /* PBXContainerItemProxy */;
		};
		9212B065266A00D500BBB534 /* PBXTargetDependency */ = {
			isa = PBXTargetDependency;
			target = 13B07F861A680F5B00A75B9A /* connectreactive */;
			targetProxy = 9212B064266A00D500BBB534 /* PBXContainerItemProxy */;
		};
/* End PBXTargetDependency section */

/* Begin XCBuildConfiguration section */
		13B07F941A680F5B00A75B9A /* Debug */ = {
			isa = XCBuildConfiguration;
			baseConfigurationReference = AFF5A5AE29067438F3FC6EDE /* Pods-connectreactive.debug.xcconfig */;
			buildSettings = {
				ALWAYS_EMBED_SWIFT_STANDARD_LIBRARIES = YES;
				ASSETCATALOG_COMPILER_APPICON_NAME = AppIcon;
				CLANG_ENABLE_MODULES = YES;
				CODE_SIGN_ENTITLEMENTS = connectreactive/connectreactive.entitlements;
				CURRENT_PROJECT_VERSION = 3;
				DEVELOPMENT_TEAM = EEVY6TSEGL;
				ENABLE_BITCODE = YES;
				FRAMEWORK_SEARCH_PATHS = (
					"$(inherited)",
					"$(PROJECT_DIR)/ReactNativeModules",
					"$(PROJECT_DIR)",
				);
				INFOPLIST_FILE = connectreactive/Info.plist;
				IPHONEOS_DEPLOYMENT_TARGET = 13.0;
				LD_RUNPATH_SEARCH_PATHS = (
					"$(inherited)",
					"@executable_path/Frameworks",
				);
				MARKETING_VERSION = 1.2.102;
				OTHER_LDFLAGS = (
					"$(inherited)",
					"-ObjC",
					"-lc++",
				);
				PRODUCT_BUNDLE_IDENTIFIER = club.connect.ConnectClub;
				PRODUCT_NAME = connectreactive;
				SWIFT_OBJC_BRIDGING_HEADER = "connectreactive-Bridging-Header.h";
				SWIFT_OPTIMIZATION_LEVEL = "-Onone";
				SWIFT_VERSION = 5.0;
				TARGETED_DEVICE_FAMILY = "1,2";
				VERSIONING_SYSTEM = "apple-generic";
			};
			name = Debug;
		};
		13B07F951A680F5B00A75B9A /* Release */ = {
			isa = XCBuildConfiguration;
			baseConfigurationReference = AD9CA39C01A8E8D4641DEA39 /* Pods-connectreactive.release.xcconfig */;
			buildSettings = {
				ALWAYS_EMBED_SWIFT_STANDARD_LIBRARIES = YES;
				ASSETCATALOG_COMPILER_APPICON_NAME = AppIcon;
				CLANG_ENABLE_MODULES = YES;
				CODE_SIGN_ENTITLEMENTS = connectreactive/connectreactive.entitlements;
				CURRENT_PROJECT_VERSION = 3;
				DEVELOPMENT_TEAM = EEVY6TSEGL;
				ENABLE_BITCODE = YES;
				FRAMEWORK_SEARCH_PATHS = (
					"$(inherited)",
					"$(PROJECT_DIR)/ReactNativeModules",
					"$(PROJECT_DIR)",
				);
				INFOPLIST_FILE = connectreactive/Info.plist;
				IPHONEOS_DEPLOYMENT_TARGET = 13.0;
				LD_RUNPATH_SEARCH_PATHS = (
					"$(inherited)",
					"@executable_path/Frameworks",
				);
				MARKETING_VERSION = 1.2.102;
				OTHER_LDFLAGS = (
					"$(inherited)",
					"-ObjC",
					"-lc++",
				);
				PRODUCT_BUNDLE_IDENTIFIER = club.connect.ConnectClub;
				PRODUCT_NAME = connectreactive;
				SWIFT_OBJC_BRIDGING_HEADER = "connectreactive-Bridging-Header.h";
				SWIFT_VERSION = 5.0;
				TARGETED_DEVICE_FAMILY = "1,2";
				VERSIONING_SYSTEM = "apple-generic";
			};
			name = Release;
		};
		7569D81A27BA939F00409A61 /* Debug */ = {
			isa = XCBuildConfiguration;
			baseConfigurationReference = 7A04A5E487707C8E470B99AF /* Pods-ImageNotification.debug.xcconfig */;
			buildSettings = {
				CLANG_ANALYZER_NONNULL = YES;
				CLANG_ANALYZER_NUMBER_OBJECT_CONVERSION = YES_AGGRESSIVE;
				CLANG_CXX_LANGUAGE_STANDARD = "gnu++17";
				CLANG_ENABLE_OBJC_WEAK = YES;
				CLANG_WARN_DOCUMENTATION_COMMENTS = YES;
				CLANG_WARN_QUOTED_INCLUDE_IN_FRAMEWORK_HEADER = YES;
				CLANG_WARN_UNGUARDED_AVAILABILITY = YES_AGGRESSIVE;
				CODE_SIGN_STYLE = Automatic;
				CURRENT_PROJECT_VERSION = 3;
				DEBUG_INFORMATION_FORMAT = dwarf;
				DEVELOPMENT_TEAM = EEVY6TSEGL;
				GCC_C_LANGUAGE_STANDARD = gnu11;
				GENERATE_INFOPLIST_FILE = YES;
				INFOPLIST_FILE = ImageNotification/Info.plist;
				INFOPLIST_KEY_CFBundleDisplayName = ImageNotification;
				INFOPLIST_KEY_NSHumanReadableCopyright = "";
				IPHONEOS_DEPLOYMENT_TARGET = 13.0;
				LD_RUNPATH_SEARCH_PATHS = (
					"$(inherited)",
					"@executable_path/Frameworks",
					"@executable_path/../../Frameworks",
				);
				MARKETING_VERSION = 1.2.102;
				MTL_ENABLE_DEBUG_INFO = INCLUDE_SOURCE;
				MTL_FAST_MATH = YES;
				PRODUCT_BUNDLE_IDENTIFIER = club.connect.ConnectClub.ImageNotification;
				PRODUCT_NAME = "$(TARGET_NAME)";
				SKIP_INSTALL = YES;
				SWIFT_ACTIVE_COMPILATION_CONDITIONS = DEBUG;
				SWIFT_EMIT_LOC_STRINGS = YES;
				SWIFT_OPTIMIZATION_LEVEL = "-Onone";
				SWIFT_VERSION = 5.0;
				TARGETED_DEVICE_FAMILY = "1,2";
			};
			name = Debug;
		};
		7569D81B27BA939F00409A61 /* Release */ = {
			isa = XCBuildConfiguration;
			baseConfigurationReference = D6EA6275C842468C00FB682F /* Pods-ImageNotification.release.xcconfig */;
			buildSettings = {
				CLANG_ANALYZER_NONNULL = YES;
				CLANG_ANALYZER_NUMBER_OBJECT_CONVERSION = YES_AGGRESSIVE;
				CLANG_CXX_LANGUAGE_STANDARD = "gnu++17";
				CLANG_ENABLE_OBJC_WEAK = YES;
				CLANG_WARN_DOCUMENTATION_COMMENTS = YES;
				CLANG_WARN_QUOTED_INCLUDE_IN_FRAMEWORK_HEADER = YES;
				CLANG_WARN_UNGUARDED_AVAILABILITY = YES_AGGRESSIVE;
				CODE_SIGN_STYLE = Automatic;
				COPY_PHASE_STRIP = NO;
				CURRENT_PROJECT_VERSION = 3;
				DEBUG_INFORMATION_FORMAT = "dwarf-with-dsym";
				DEVELOPMENT_TEAM = EEVY6TSEGL;
				GCC_C_LANGUAGE_STANDARD = gnu11;
				GENERATE_INFOPLIST_FILE = YES;
				INFOPLIST_FILE = ImageNotification/Info.plist;
				INFOPLIST_KEY_CFBundleDisplayName = ImageNotification;
				INFOPLIST_KEY_NSHumanReadableCopyright = "";
				IPHONEOS_DEPLOYMENT_TARGET = 13.0;
				LD_RUNPATH_SEARCH_PATHS = (
					"$(inherited)",
					"@executable_path/Frameworks",
					"@executable_path/../../Frameworks",
				);
				MARKETING_VERSION = 1.2.102;
				MTL_FAST_MATH = YES;
				PRODUCT_BUNDLE_IDENTIFIER = club.connect.ConnectClub.ImageNotification;
				PRODUCT_NAME = "$(TARGET_NAME)";
				SKIP_INSTALL = YES;
				SWIFT_COMPILATION_MODE = wholemodule;
				SWIFT_EMIT_LOC_STRINGS = YES;
				SWIFT_OPTIMIZATION_LEVEL = "-O";
				SWIFT_VERSION = 5.0;
				TARGETED_DEVICE_FAMILY = "1,2";
			};
			name = Release;
		};
		83CBBA201A601CBA00E9B192 /* Debug */ = {
			isa = XCBuildConfiguration;
			buildSettings = {
				ALWAYS_SEARCH_USER_PATHS = NO;
				CLANG_ANALYZER_LOCALIZABILITY_NONLOCALIZED = YES;
				CLANG_CXX_LANGUAGE_STANDARD = "gnu++0x";
				CLANG_CXX_LIBRARY = "libc++";
				CLANG_ENABLE_MODULES = YES;
				CLANG_ENABLE_OBJC_ARC = YES;
				CLANG_WARN_BLOCK_CAPTURE_AUTORELEASING = YES;
				CLANG_WARN_BOOL_CONVERSION = YES;
				CLANG_WARN_COMMA = YES;
				CLANG_WARN_CONSTANT_CONVERSION = YES;
				CLANG_WARN_DEPRECATED_OBJC_IMPLEMENTATIONS = YES;
				CLANG_WARN_DIRECT_OBJC_ISA_USAGE = YES_ERROR;
				CLANG_WARN_EMPTY_BODY = YES;
				CLANG_WARN_ENUM_CONVERSION = YES;
				CLANG_WARN_INFINITE_RECURSION = YES;
				CLANG_WARN_INT_CONVERSION = YES;
				CLANG_WARN_NON_LITERAL_NULL_CONVERSION = YES;
				CLANG_WARN_OBJC_IMPLICIT_RETAIN_SELF = YES;
				CLANG_WARN_OBJC_LITERAL_CONVERSION = YES;
				CLANG_WARN_OBJC_ROOT_CLASS = YES_ERROR;
				CLANG_WARN_RANGE_LOOP_ANALYSIS = YES;
				CLANG_WARN_STRICT_PROTOTYPES = YES;
				CLANG_WARN_SUSPICIOUS_MOVE = YES;
				CLANG_WARN_UNREACHABLE_CODE = YES;
				CLANG_WARN__DUPLICATE_METHOD_MATCH = YES;
				"CODE_SIGN_IDENTITY[sdk=iphoneos*]" = "iPhone Developer";
				COPY_PHASE_STRIP = NO;
				ENABLE_STRICT_OBJC_MSGSEND = YES;
				ENABLE_TESTABILITY = YES;
				GCC_C_LANGUAGE_STANDARD = gnu99;
				GCC_DYNAMIC_NO_PIC = NO;
				GCC_NO_COMMON_BLOCKS = YES;
				GCC_OPTIMIZATION_LEVEL = 0;
				GCC_PREPROCESSOR_DEFINITIONS = (
					"DEBUG=1",
					"$(inherited)",
				);
				GCC_SYMBOLS_PRIVATE_EXTERN = NO;
				GCC_WARN_64_TO_32_BIT_CONVERSION = YES;
				GCC_WARN_ABOUT_RETURN_TYPE = YES_ERROR;
				GCC_WARN_UNDECLARED_SELECTOR = YES;
				GCC_WARN_UNINITIALIZED_AUTOS = YES_AGGRESSIVE;
				GCC_WARN_UNUSED_FUNCTION = YES;
				GCC_WARN_UNUSED_VARIABLE = YES;
				IPHONEOS_DEPLOYMENT_TARGET = 10.0;
				LD_RUNPATH_SEARCH_PATHS = (
					/usr/lib/swift,
					"$(inherited)",
				);
				LIBRARY_SEARCH_PATHS = (
					"\"$(TOOLCHAIN_DIR)/usr/lib/swift/$(PLATFORM_NAME)\"",
					"\"$(inherited)\"",
				);
				MTL_ENABLE_DEBUG_INFO = YES;
				ONLY_ACTIVE_ARCH = YES;
				SDKROOT = iphoneos;
			};
			name = Debug;
		};
		83CBBA211A601CBA00E9B192 /* Release */ = {
			isa = XCBuildConfiguration;
			buildSettings = {
				ALWAYS_SEARCH_USER_PATHS = NO;
				CLANG_ANALYZER_LOCALIZABILITY_NONLOCALIZED = YES;
				CLANG_CXX_LANGUAGE_STANDARD = "gnu++0x";
				CLANG_CXX_LIBRARY = "libc++";
				CLANG_ENABLE_MODULES = YES;
				CLANG_ENABLE_OBJC_ARC = YES;
				CLANG_WARN_BLOCK_CAPTURE_AUTORELEASING = YES;
				CLANG_WARN_BOOL_CONVERSION = YES;
				CLANG_WARN_COMMA = YES;
				CLANG_WARN_CONSTANT_CONVERSION = YES;
				CLANG_WARN_DEPRECATED_OBJC_IMPLEMENTATIONS = YES;
				CLANG_WARN_DIRECT_OBJC_ISA_USAGE = YES_ERROR;
				CLANG_WARN_EMPTY_BODY = YES;
				CLANG_WARN_ENUM_CONVERSION = YES;
				CLANG_WARN_INFINITE_RECURSION = YES;
				CLANG_WARN_INT_CONVERSION = YES;
				CLANG_WARN_NON_LITERAL_NULL_CONVERSION = YES;
				CLANG_WARN_OBJC_IMPLICIT_RETAIN_SELF = YES;
				CLANG_WARN_OBJC_LITERAL_CONVERSION = YES;
				CLANG_WARN_OBJC_ROOT_CLASS = YES_ERROR;
				CLANG_WARN_RANGE_LOOP_ANALYSIS = YES;
				CLANG_WARN_STRICT_PROTOTYPES = YES;
				CLANG_WARN_SUSPICIOUS_MOVE = YES;
				CLANG_WARN_UNREACHABLE_CODE = YES;
				CLANG_WARN__DUPLICATE_METHOD_MATCH = YES;
				"CODE_SIGN_IDENTITY[sdk=iphoneos*]" = "iPhone Developer";
				COPY_PHASE_STRIP = YES;
				ENABLE_NS_ASSERTIONS = NO;
				ENABLE_STRICT_OBJC_MSGSEND = YES;
				GCC_C_LANGUAGE_STANDARD = gnu99;
				GCC_NO_COMMON_BLOCKS = YES;
				GCC_WARN_64_TO_32_BIT_CONVERSION = YES;
				GCC_WARN_ABOUT_RETURN_TYPE = YES_ERROR;
				GCC_WARN_UNDECLARED_SELECTOR = YES;
				GCC_WARN_UNINITIALIZED_AUTOS = YES_AGGRESSIVE;
				GCC_WARN_UNUSED_FUNCTION = YES;
				GCC_WARN_UNUSED_VARIABLE = YES;
				IPHONEOS_DEPLOYMENT_TARGET = 10.0;
				LD_RUNPATH_SEARCH_PATHS = (
					/usr/lib/swift,
					"$(inherited)",
				);
				LIBRARY_SEARCH_PATHS = (
					"\"$(TOOLCHAIN_DIR)/usr/lib/swift/$(PLATFORM_NAME)\"",
					"\"$(inherited)\"",
				);
				MTL_ENABLE_DEBUG_INFO = NO;
				SDKROOT = iphoneos;
				VALIDATE_PRODUCT = YES;
			};
			name = Release;
		};
		9212B073266A00D500BBB534 /* Debug */ = {
			isa = XCBuildConfiguration;
			buildSettings = {
				ALWAYS_EMBED_SWIFT_STANDARD_LIBRARIES = YES;
				CLANG_ANALYZER_NONNULL = YES;
				CLANG_ANALYZER_NUMBER_OBJECT_CONVERSION = YES_AGGRESSIVE;
				CLANG_CXX_LANGUAGE_STANDARD = "gnu++14";
				CLANG_ENABLE_OBJC_WEAK = YES;
				CLANG_WARN_DOCUMENTATION_COMMENTS = YES;
				CLANG_WARN_QUOTED_INCLUDE_IN_FRAMEWORK_HEADER = YES;
				CLANG_WARN_UNGUARDED_AVAILABILITY = YES_AGGRESSIVE;
				CODE_SIGN_STYLE = Automatic;
				DEBUG_INFORMATION_FORMAT = dwarf;
				DEVELOPMENT_TEAM = EEVY6TSEGL;
				GCC_C_LANGUAGE_STANDARD = gnu11;
				INFOPLIST_FILE = LoggerTests/Info.plist;
				IPHONEOS_DEPLOYMENT_TARGET = 14.4;
				LD_RUNPATH_SEARCH_PATHS = (
					"$(inherited)",
					"@executable_path/Frameworks",
					"@loader_path/Frameworks",
				);
				MTL_ENABLE_DEBUG_INFO = INCLUDE_SOURCE;
				MTL_FAST_MATH = YES;
				PRODUCT_BUNDLE_IDENTIFIER = com.connect.LoggerTests;
				PRODUCT_NAME = "$(TARGET_NAME)";
				SWIFT_ACTIVE_COMPILATION_CONDITIONS = DEBUG;
				SWIFT_OPTIMIZATION_LEVEL = "-Onone";
				SWIFT_VERSION = 5.0;
				TARGETED_DEVICE_FAMILY = "1,2";
				TEST_HOST = "$(BUILT_PRODUCTS_DIR)/connectreactive.app/connectreactive";
			};
			name = Debug;
		};
		9212B074266A00D500BBB534 /* Release */ = {
			isa = XCBuildConfiguration;
			buildSettings = {
				ALWAYS_EMBED_SWIFT_STANDARD_LIBRARIES = YES;
				CLANG_ANALYZER_NONNULL = YES;
				CLANG_ANALYZER_NUMBER_OBJECT_CONVERSION = YES_AGGRESSIVE;
				CLANG_CXX_LANGUAGE_STANDARD = "gnu++14";
				CLANG_ENABLE_OBJC_WEAK = YES;
				CLANG_WARN_DOCUMENTATION_COMMENTS = YES;
				CLANG_WARN_QUOTED_INCLUDE_IN_FRAMEWORK_HEADER = YES;
				CLANG_WARN_UNGUARDED_AVAILABILITY = YES_AGGRESSIVE;
				CODE_SIGN_STYLE = Automatic;
				COPY_PHASE_STRIP = NO;
				DEBUG_INFORMATION_FORMAT = "dwarf-with-dsym";
				DEVELOPMENT_TEAM = EEVY6TSEGL;
				GCC_C_LANGUAGE_STANDARD = gnu11;
				INFOPLIST_FILE = LoggerTests/Info.plist;
				IPHONEOS_DEPLOYMENT_TARGET = 14.4;
				LD_RUNPATH_SEARCH_PATHS = (
					"$(inherited)",
					"@executable_path/Frameworks",
					"@loader_path/Frameworks",
				);
				MTL_FAST_MATH = YES;
				PRODUCT_BUNDLE_IDENTIFIER = com.connect.LoggerTests;
				PRODUCT_NAME = "$(TARGET_NAME)";
				SWIFT_COMPILATION_MODE = wholemodule;
				SWIFT_OPTIMIZATION_LEVEL = "-O";
				SWIFT_VERSION = 5.0;
				TARGETED_DEVICE_FAMILY = "1,2";
				TEST_HOST = "$(BUILT_PRODUCTS_DIR)/connectreactive.app/connectreactive";
			};
			name = Release;
		};
/* End XCBuildConfiguration section */

/* Begin XCConfigurationList section */
		13B07F931A680F5B00A75B9A /* Build configuration list for PBXNativeTarget "connectreactive" */ = {
			isa = XCConfigurationList;
			buildConfigurations = (
				13B07F941A680F5B00A75B9A /* Debug */,
				13B07F951A680F5B00A75B9A /* Release */,
			);
			defaultConfigurationIsVisible = 0;
			defaultConfigurationName = Release;
		};
		7569D81C27BA939F00409A61 /* Build configuration list for PBXNativeTarget "ImageNotification" */ = {
			isa = XCConfigurationList;
			buildConfigurations = (
				7569D81A27BA939F00409A61 /* Debug */,
				7569D81B27BA939F00409A61 /* Release */,
			);
			defaultConfigurationIsVisible = 0;
			defaultConfigurationName = Release;
		};
		83CBB9FA1A601CBA00E9B192 /* Build configuration list for PBXProject "connectreactive" */ = {
			isa = XCConfigurationList;
			buildConfigurations = (
				83CBBA201A601CBA00E9B192 /* Debug */,
				83CBBA211A601CBA00E9B192 /* Release */,
			);
			defaultConfigurationIsVisible = 0;
			defaultConfigurationName = Release;
		};
		9212B072266A00D500BBB534 /* Build configuration list for PBXNativeTarget "LoggerTests" */ = {
			isa = XCConfigurationList;
			buildConfigurations = (
				9212B073266A00D500BBB534 /* Debug */,
				9212B074266A00D500BBB534 /* Release */,
			);
			defaultConfigurationIsVisible = 0;
			defaultConfigurationName = Release;
		};
/* End XCConfigurationList section */
	};
	rootObject = 83CBB9F71A601CBA00E9B192 /* Project object */;
}
